// !$*UTF8*$!
{
	archiveVersion = 1;
	classes = {
	};
	objectVersion = 56;
	objects = {

/* Begin PBXBuildFile section */
		440F48FF2B73DD170082CE34 /* Registro.swift in Sources */ = {isa = PBXBuildFile; fileRef = 440F48FE2B73DD170082CE34 /* Registro.swift */; };
		440F49012B73DD880082CE34 /* AuthRoutes.swift in Sources */ = {isa = PBXBuildFile; fileRef = 440F49002B73DD880082CE34 /* AuthRoutes.swift */; };
		444226FE2B7A6A7300881CF8 /* ResetPass.swift in Sources */ = {isa = PBXBuildFile; fileRef = 444226FD2B7A6A7300881CF8 /* ResetPass.swift */; };
		4443DBDC2B83A6FC002386E8 /* Listening.swift in Sources */ = {isa = PBXBuildFile; fileRef = 4443DBDB2B83A6FC002386E8 /* Listening.swift */; };
		4445EA772B84F4FF00C65685 /* CultureTypes.swift in Sources */ = {isa = PBXBuildFile; fileRef = 4445EA762B84F4FF00C65685 /* CultureTypes.swift */; };
		44476F8D2B28AFF300D57C6C /* Funcs_Estruc.swift in Sources */ = {isa = PBXBuildFile; fileRef = 44476F8C2B28AFF300D57C6C /* Funcs_Estruc.swift */; };
		444E80252B1E3D1B004AC6BF /* CIPMIOSApp.swift in Sources */ = {isa = PBXBuildFile; fileRef = 444E80242B1E3D1B004AC6BF /* CIPMIOSApp.swift */; };
		444E80272B1E3D1B004AC6BF /* ContentView.swift in Sources */ = {isa = PBXBuildFile; fileRef = 444E80262B1E3D1B004AC6BF /* ContentView.swift */; };
		444E80292B1E3D1C004AC6BF /* Assets.xcassets in Resources */ = {isa = PBXBuildFile; fileRef = 444E80282B1E3D1C004AC6BF /* Assets.xcassets */; };
		444E802C2B1E3D1C004AC6BF /* Preview Assets.xcassets in Resources */ = {isa = PBXBuildFile; fileRef = 444E802B2B1E3D1C004AC6BF /* Preview Assets.xcassets */; };
		444E80362B1E3D1C004AC6BF /* CIPMIOSTests.swift in Sources */ = {isa = PBXBuildFile; fileRef = 444E80352B1E3D1C004AC6BF /* CIPMIOSTests.swift */; };
		444E80402B1E3D1C004AC6BF /* CIPMIOSUITests.swift in Sources */ = {isa = PBXBuildFile; fileRef = 444E803F2B1E3D1C004AC6BF /* CIPMIOSUITests.swift */; };
		444E80422B1E3D1C004AC6BF /* CIPMIOSUITestsLaunchTests.swift in Sources */ = {isa = PBXBuildFile; fileRef = 444E80412B1E3D1C004AC6BF /* CIPMIOSUITestsLaunchTests.swift */; };
		444E80502B1E3D69004AC6BF /* Main.swift in Sources */ = {isa = PBXBuildFile; fileRef = 444E804F2B1E3D69004AC6BF /* Main.swift */; };
		444E80542B1E3F97004AC6BF /* Routes.swift in Sources */ = {isa = PBXBuildFile; fileRef = 444E80532B1E3F97004AC6BF /* Routes.swift */; };
		444E80562B1E3FBA004AC6BF /* NotchSpacing.swift in Sources */ = {isa = PBXBuildFile; fileRef = 444E80552B1E3FBA004AC6BF /* NotchSpacing.swift */; };
		444E80582B1E428C004AC6BF /* ButtonNormal.swift in Sources */ = {isa = PBXBuildFile; fileRef = 444E80572B1E428C004AC6BF /* ButtonNormal.swift */; };
		444E805A2B1E43EC004AC6BF /* Separador.swift in Sources */ = {isa = PBXBuildFile; fileRef = 444E80592B1E43EC004AC6BF /* Separador.swift */; };
		444E805C2B1E479B004AC6BF /* BottonImg.swift in Sources */ = {isa = PBXBuildFile; fileRef = 444E805B2B1E479B004AC6BF /* BottonImg.swift */; };
		444E805E2B1E5094004AC6BF /* BottonPeque.swift in Sources */ = {isa = PBXBuildFile; fileRef = 444E805D2B1E5094004AC6BF /* BottonPeque.swift */; };
		444E80602B1E593D004AC6BF /* SpeakingFacil.swift in Sources */ = {isa = PBXBuildFile; fileRef = 444E805F2B1E593D004AC6BF /* SpeakingFacil.swift */; };
		444E80622B1E59B6004AC6BF /* Test.swift in Sources */ = {isa = PBXBuildFile; fileRef = 444E80612B1E59B6004AC6BF /* Test.swift */; };
		444E80642B1E5A3F004AC6BF /* Premium.swift in Sources */ = {isa = PBXBuildFile; fileRef = 444E80632B1E5A3F004AC6BF /* Premium.swift */; };
		444E80662B1E5A7D004AC6BF /* Chat.swift in Sources */ = {isa = PBXBuildFile; fileRef = 444E80652B1E5A7D004AC6BF /* Chat.swift */; };
		444E80682B1E5AAB004AC6BF /* Perfil.swift in Sources */ = {isa = PBXBuildFile; fileRef = 444E80672B1E5AAB004AC6BF /* Perfil.swift */; };
		444E806A2B1E5DE5004AC6BF /* HeaderNav.swift in Sources */ = {isa = PBXBuildFile; fileRef = 444E80692B1E5DE5004AC6BF /* HeaderNav.swift */; };
		44584E832B332C2D00401894 /* C50a100.swift in Sources */ = {isa = PBXBuildFile; fileRef = 44584E822B332C2D00401894 /* C50a100.swift */; };
		44584E852B33355200401894 /* C100a150.swift in Sources */ = {isa = PBXBuildFile; fileRef = 44584E842B33355200401894 /* C100a150.swift */; };
		4460C6B32B224F9A002F981E /* VideoUrlHandler.swift in Sources */ = {isa = PBXBuildFile; fileRef = 4460C6B22B224F9A002F981E /* VideoUrlHandler.swift */; };
		447314762B83A138008646CB /* SpeechView.swift in Sources */ = {isa = PBXBuildFile; fileRef = 447314752B83A138008646CB /* SpeechView.swift */; };
		4475F8B52B237DD500307D02 /* Generator.swift in Sources */ = {isa = PBXBuildFile; fileRef = 4475F8B42B237DD500307D02 /* Generator.swift */; };
		4475F8B82B237ECD00307D02 /* Intrans.swift in Sources */ = {isa = PBXBuildFile; fileRef = 4475F8B72B237ECD00307D02 /* Intrans.swift */; };
		4475F8BA2B23807B00307D02 /* Nobles.swift in Sources */ = {isa = PBXBuildFile; fileRef = 4475F8B92B23807B00307D02 /* Nobles.swift */; };
		4475F8BC2B2380A200307D02 /* Oo.swift in Sources */ = {isa = PBXBuildFile; fileRef = 4475F8BB2B2380A200307D02 /* Oo.swift */; };
		4475F8BE2B2380CD00307D02 /* Pasts.swift in Sources */ = {isa = PBXBuildFile; fileRef = 4475F8BD2B2380CD00307D02 /* Pasts.swift */; };
		4475F8C02B2380F800307D02 /* Arrays.swift in Sources */ = {isa = PBXBuildFile; fileRef = 4475F8BF2B2380F800307D02 /* Arrays.swift */; };
		4475F8C22B23812500307D02 /* Abstractos.swift in Sources */ = {isa = PBXBuildFile; fileRef = 4475F8C12B23812500307D02 /* Abstractos.swift */; };
		4475F8C42B23814400307D02 /* Special.swift in Sources */ = {isa = PBXBuildFile; fileRef = 4475F8C32B23814400307D02 /* Special.swift */; };
		4475F8C62B23817800307D02 /* People.swift in Sources */ = {isa = PBXBuildFile; fileRef = 4475F8C52B23817800307D02 /* People.swift */; };
		4475F8C82B23908000307D02 /* TextInput.swift in Sources */ = {isa = PBXBuildFile; fileRef = 4475F8C72B23908000307D02 /* TextInput.swift */; };
		4477A6D52B3480FA003A2475 /* C150a200.swift in Sources */ = {isa = PBXBuildFile; fileRef = 4477A6D42B3480FA003A2475 /* C150a200.swift */; };
		448260652B921E640065110D /* ToastCustom.swift in Sources */ = {isa = PBXBuildFile; fileRef = 448260642B921E640065110D /* ToastCustom.swift */; };
		4485CB282B31D53F00AE02FB /* Vocabgen.swift in Sources */ = {isa = PBXBuildFile; fileRef = 4485CB272B31D53F00AE02FB /* Vocabgen.swift */; };
		4485CB2B2B31D71F00AE02FB /* C0a50.swift in Sources */ = {isa = PBXBuildFile; fileRef = 4485CB2A2B31D71F00AE02FB /* C0a50.swift */; };
		4485CB2D2B31E96400AE02FB /* Funcs_Vocab.swift in Sources */ = {isa = PBXBuildFile; fileRef = 4485CB2C2B31E96400AE02FB /* Funcs_Vocab.swift */; };
		449778E02B3094F3006A6082 /* ToastManager.swift in Sources */ = {isa = PBXBuildFile; fileRef = 449778DF2B3094F3006A6082 /* ToastManager.swift */; };
		449E85502B9F54FE00CD8E1B /* FirebaseFirestoreCombine-Community in Frameworks */ = {isa = PBXBuildFile; productRef = 449E854F2B9F54FE00CD8E1B /* FirebaseFirestoreCombine-Community */; };
		449E85522B9F54FE00CD8E1B /* FirebaseFirestoreSwift in Frameworks */ = {isa = PBXBuildFile; productRef = 449E85512B9F54FE00CD8E1B /* FirebaseFirestoreSwift */; };
		44ADD0CB2B97688900383991 /* ListeningTypes.swift in Sources */ = {isa = PBXBuildFile; fileRef = 44ADD0CA2B97688900383991 /* ListeningTypes.swift */; };
		44AF79172B2C91F100D732A0 /* PruebaView.swift in Sources */ = {isa = PBXBuildFile; fileRef = 44AF79162B2C91F100D732A0 /* PruebaView.swift */; };
		44AF79192B2CAA7100D732A0 /* Vocab.swift in Sources */ = {isa = PBXBuildFile; fileRef = 44AF79182B2CAA7100D732A0 /* Vocab.swift */; };
		44B279982B8E2E1900EE23DB /* CultureVideoView.swift in Sources */ = {isa = PBXBuildFile; fileRef = 44B279972B8E2E1900EE23DB /* CultureVideoView.swift */; };
		44CBBAE02B71271600C0F321 /* FirebaseAuth in Frameworks */ = {isa = PBXBuildFile; productRef = 44CBBADF2B71271600C0F321 /* FirebaseAuth */; };
		44CBBAE22B71271600C0F321 /* FirebaseFirestore in Frameworks */ = {isa = PBXBuildFile; productRef = 44CBBAE12B71271600C0F321 /* FirebaseFirestore */; };
		44CBBAE42B71271600C0F321 /* FirebaseStorage in Frameworks */ = {isa = PBXBuildFile; productRef = 44CBBAE32B71271600C0F321 /* FirebaseStorage */; };
		44CBBAE62B71287000C0F321 /* GoogleService-Info.plist in Resources */ = {isa = PBXBuildFile; fileRef = 44CBBAE52B71287000C0F321 /* GoogleService-Info.plist */; };
		44CBBAE92B712F9000C0F321 /* UserManager.swift in Sources */ = {isa = PBXBuildFile; fileRef = 44CBBAE82B712F9000C0F321 /* UserManager.swift */; };
		44CBBAEC2B71359100C0F321 /* UserTypes.swift in Sources */ = {isa = PBXBuildFile; fileRef = 44CBBAEB2B71359100C0F321 /* UserTypes.swift */; };
		44CCB4562B275C62000782E2 /* ProfileIconComp.swift in Sources */ = {isa = PBXBuildFile; fileRef = 44CCB4552B275C62000782E2 /* ProfileIconComp.swift */; };
		44D9D9512B20B858004CCFFC /* BottomNav.swift in Sources */ = {isa = PBXBuildFile; fileRef = 44D9D9502B20B858004CCFFC /* BottomNav.swift */; };
		44F620FC2B727FDB00CAD21C /* URLImage in Frameworks */ = {isa = PBXBuildFile; productRef = 44F620FB2B727FDB00CAD21C /* URLImage */; };
		44F620FE2B727FDB00CAD21C /* URLImageStore in Frameworks */ = {isa = PBXBuildFile; productRef = 44F620FD2B727FDB00CAD21C /* URLImageStore */; };
		44F621002B7283E000CAD21C /* AuthManager.swift in Sources */ = {isa = PBXBuildFile; fileRef = 44F620FF2B7283E000CAD21C /* AuthManager.swift */; };
		44F621022B72856600CAD21C /* Login.swift in Sources */ = {isa = PBXBuildFile; fileRef = 44F621012B72856600CAD21C /* Login.swift */; };
		44F6B0392B961286006FC9B6 /* LecturaView.swift in Sources */ = {isa = PBXBuildFile; fileRef = 44F6B0382B961286006FC9B6 /* LecturaView.swift */; };
		44F7D4FC2B1F790B00EAAC8B /* ModalView.swift in Sources */ = {isa = PBXBuildFile; fileRef = 44F7D4FB2B1F790B00EAAC8B /* ModalView.swift */; };
		44F7D4FE2B1F7BB800EAAC8B /* PickerCustom.swift in Sources */ = {isa = PBXBuildFile; fileRef = 44F7D4FD2B1F7BB800EAAC8B /* PickerCustom.swift */; };
		44F7D5002B1F7DA200EAAC8B /* VideoPlayerView.swift in Sources */ = {isa = PBXBuildFile; fileRef = 44F7D4FF2B1F7DA200EAAC8B /* VideoPlayerView.swift */; };
		44F7D5022B1F9DC500EAAC8B /* BtnEmpezar.swift in Sources */ = {isa = PBXBuildFile; fileRef = 44F7D5012B1F9DC500EAAC8B /* BtnEmpezar.swift */; };
		44F7D5042B1F9E3200EAAC8B /* SeparadorPequeno.swift in Sources */ = {isa = PBXBuildFile; fileRef = 44F7D5032B1F9E3200EAAC8B /* SeparadorPequeno.swift */; };
		44FC34E62B3C9EEA008982DF /* C200a250.swift in Sources */ = {isa = PBXBuildFile; fileRef = 44FC34E52B3C9EEA008982DF /* C200a250.swift */; };
		44FC34E82B3C9EF2008982DF /* C250a300.swift in Sources */ = {isa = PBXBuildFile; fileRef = 44FC34E72B3C9EF2008982DF /* C250a300.swift */; };
		C106F1AC2C359C40003F41E5 /* LearnStruct.swift in Sources */ = {isa = PBXBuildFile; fileRef = C106F1AB2C359C40003F41E5 /* LearnStruct.swift */; };
		C106F1AE2C359C97003F41E5 /* LearnStrucData.swift in Sources */ = {isa = PBXBuildFile; fileRef = C106F1AD2C359C97003F41E5 /* LearnStrucData.swift */; };
		C106F1B02C359E55003F41E5 /* LearnStrucTypes.swift in Sources */ = {isa = PBXBuildFile; fileRef = C106F1AF2C359E55003F41E5 /* LearnStrucTypes.swift */; };
		C106F1B22C35A12E003F41E5 /* LearnStrucCard.swift in Sources */ = {isa = PBXBuildFile; fileRef = C106F1B12C35A12E003F41E5 /* LearnStrucCard.swift */; };
		C10FC59C2C174EFD0011F827 /* Toefl.swift in Sources */ = {isa = PBXBuildFile; fileRef = C10FC59B2C174EFD0011F827 /* Toefl.swift */; };
		C10FC59E2C174FB80011F827 /* PlanPerzonalizado.swift in Sources */ = {isa = PBXBuildFile; fileRef = C10FC59D2C174FB80011F827 /* PlanPerzonalizado.swift */; };
		C10FC5A02C17521C0011F827 /* GlobalData.swift in Sources */ = {isa = PBXBuildFile; fileRef = C10FC59F2C17521C0011F827 /* GlobalData.swift */; };
		C1331E992C0E5C2C00329281 /* LessonCard.swift in Sources */ = {isa = PBXBuildFile; fileRef = C1331E982C0E5C2C00329281 /* LessonCard.swift */; };
		C1331E9B2C0E5D4500329281 /* LessonTypes.swift in Sources */ = {isa = PBXBuildFile; fileRef = C1331E9A2C0E5D4500329281 /* LessonTypes.swift */; };
		C1447CBD2C57DDBF0011C005 /* AuxModalNegator.swift in Sources */ = {isa = PBXBuildFile; fileRef = C1447CBC2C57DDBF0011C005 /* AuxModalNegator.swift */; };
		C15815002BA09ECF008883E1 /* SpeakingDificil.swift in Sources */ = {isa = PBXBuildFile; fileRef = C15814FF2BA09ECF008883E1 /* SpeakingDificil.swift */; };
		C15B43E82BA36B6500D90883 /* ListeningDif.swift in Sources */ = {isa = PBXBuildFile; fileRef = C15B43E72BA36B6500D90883 /* ListeningDif.swift */; };
		C162EFBD2C2DB17000250D55 /* KeyboardObserver.swift in Sources */ = {isa = PBXBuildFile; fileRef = C162EFBC2C2DB17000250D55 /* KeyboardObserver.swift */; };
		C16989332C18AB7D0059CE23 /* SpaInt.swift in Sources */ = {isa = PBXBuildFile; fileRef = C16989322C18AB7D0059CE23 /* SpaInt.swift */; };
		C176FB8D2C0E451800487F3B /* TopNav.swift in Sources */ = {isa = PBXBuildFile; fileRef = C176FB8C2C0E451800487F3B /* TopNav.swift */; };
		C176FB8F2C0E47A500487F3B /* Lessons.swift in Sources */ = {isa = PBXBuildFile; fileRef = C176FB8E2C0E47A500487F3B /* Lessons.swift */; };
		C183539B2BA9DE8100CBE367 /* RachelTypes.swift in Sources */ = {isa = PBXBuildFile; fileRef = C183539A2BA9DE8100CBE367 /* RachelTypes.swift */; };
		C18CA23B2C36F49A00309ACF /* LearnStrucFuncs.swift in Sources */ = {isa = PBXBuildFile; fileRef = C18CA23A2C36F49A00309ACF /* LearnStrucFuncs.swift */; };
		C192A59D2C456CBD005DD008 /* 0TO50.swift in Sources */ = {isa = PBXBuildFile; fileRef = C192A59C2C456CBD005DD008 /* 0TO50.swift */; };
		C192A59F2C4575A4005DD008 /* NewNounClass.swift in Sources */ = {isa = PBXBuildFile; fileRef = C192A59E2C4575A4005DD008 /* NewNounClass.swift */; };
		C192A5A12C457660005DD008 /* NewVerbClass.swift in Sources */ = {isa = PBXBuildFile; fileRef = C192A5A02C457660005DD008 /* NewVerbClass.swift */; };
		C195A8D02C4AC064005E48C3 /* LessonsData.swift in Sources */ = {isa = PBXBuildFile; fileRef = C195A8CF2C4AC064005E48C3 /* LessonsData.swift */; };
		C195A8D22C4AC3FD005E48C3 /* SplashScreenView.swift in Sources */ = {isa = PBXBuildFile; fileRef = C195A8D12C4AC3FD005E48C3 /* SplashScreenView.swift */; };
		C1CD12532C2B04DF004D9DC4 /* SwiftSpeech in Frameworks */ = {isa = PBXBuildFile; productRef = C1CD12522C2B04DF004D9DC4 /* SwiftSpeech */; };
		C1FC590D2C3ECEC10040D5EF /* LearnWord.swift in Sources */ = {isa = PBXBuildFile; fileRef = C1FC590C2C3ECEC10040D5EF /* LearnWord.swift */; };
		C1FC590F2C3ECF2A0040D5EF /* LearnWordFuncs.swift in Sources */ = {isa = PBXBuildFile; fileRef = C1FC590E2C3ECF2A0040D5EF /* LearnWordFuncs.swift */; };
		C1FC59112C3ECF450040D5EF /* LearnWordData.swift in Sources */ = {isa = PBXBuildFile; fileRef = C1FC59102C3ECF450040D5EF /* LearnWordData.swift */; };
		C1FC59132C3ECF730040D5EF /* LearnWordTypes.swift in Sources */ = {isa = PBXBuildFile; fileRef = C1FC59122C3ECF730040D5EF /* LearnWordTypes.swift */; };
		C1FC59152C3ED1C60040D5EF /* LearnWordCard.swift in Sources */ = {isa = PBXBuildFile; fileRef = C1FC59142C3ED1C60040D5EF /* LearnWordCard.swift */; };
/* End PBXBuildFile section */

/* Begin PBXContainerItemProxy section */
		444E80322B1E3D1C004AC6BF /* PBXContainerItemProxy */ = {
			isa = PBXContainerItemProxy;
			containerPortal = 444E80192B1E3D1B004AC6BF /* Project object */;
			proxyType = 1;
			remoteGlobalIDString = 444E80202B1E3D1B004AC6BF;
			remoteInfo = CIPMIOS;
		};
		444E803C2B1E3D1C004AC6BF /* PBXContainerItemProxy */ = {
			isa = PBXContainerItemProxy;
			containerPortal = 444E80192B1E3D1B004AC6BF /* Project object */;
			proxyType = 1;
			remoteGlobalIDString = 444E80202B1E3D1B004AC6BF;
			remoteInfo = CIPMIOS;
		};
/* End PBXContainerItemProxy section */

/* Begin PBXFileReference section */
		440F48FE2B73DD170082CE34 /* Registro.swift */ = {isa = PBXFileReference; lastKnownFileType = sourcecode.swift; path = Registro.swift; sourceTree = "<group>"; };
		440F49002B73DD880082CE34 /* AuthRoutes.swift */ = {isa = PBXFileReference; lastKnownFileType = sourcecode.swift; path = AuthRoutes.swift; sourceTree = "<group>"; };
		444226FD2B7A6A7300881CF8 /* ResetPass.swift */ = {isa = PBXFileReference; lastKnownFileType = sourcecode.swift; path = ResetPass.swift; sourceTree = "<group>"; };
		4443DBDB2B83A6FC002386E8 /* Listening.swift */ = {isa = PBXFileReference; lastKnownFileType = sourcecode.swift; path = Listening.swift; sourceTree = "<group>"; };
		4445EA762B84F4FF00C65685 /* CultureTypes.swift */ = {isa = PBXFileReference; lastKnownFileType = sourcecode.swift; path = CultureTypes.swift; sourceTree = "<group>"; };
		44476F8C2B28AFF300D57C6C /* Funcs_Estruc.swift */ = {isa = PBXFileReference; lastKnownFileType = sourcecode.swift; path = Funcs_Estruc.swift; sourceTree = "<group>"; };
		444E80212B1E3D1B004AC6BF /* CIPMIOS.app */ = {isa = PBXFileReference; explicitFileType = wrapper.application; includeInIndex = 0; path = CIPMIOS.app; sourceTree = BUILT_PRODUCTS_DIR; };
		444E80242B1E3D1B004AC6BF /* CIPMIOSApp.swift */ = {isa = PBXFileReference; lastKnownFileType = sourcecode.swift; path = CIPMIOSApp.swift; sourceTree = "<group>"; };
		444E80262B1E3D1B004AC6BF /* ContentView.swift */ = {isa = PBXFileReference; lastKnownFileType = sourcecode.swift; path = ContentView.swift; sourceTree = "<group>"; };
		444E80282B1E3D1C004AC6BF /* Assets.xcassets */ = {isa = PBXFileReference; lastKnownFileType = folder.assetcatalog; path = Assets.xcassets; sourceTree = "<group>"; };
		444E802B2B1E3D1C004AC6BF /* Preview Assets.xcassets */ = {isa = PBXFileReference; lastKnownFileType = folder.assetcatalog; path = "Preview Assets.xcassets"; sourceTree = "<group>"; };
		444E80312B1E3D1C004AC6BF /* CIPMIOSTests.xctest */ = {isa = PBXFileReference; explicitFileType = wrapper.cfbundle; includeInIndex = 0; path = CIPMIOSTests.xctest; sourceTree = BUILT_PRODUCTS_DIR; };
		444E80352B1E3D1C004AC6BF /* CIPMIOSTests.swift */ = {isa = PBXFileReference; lastKnownFileType = sourcecode.swift; path = CIPMIOSTests.swift; sourceTree = "<group>"; };
		444E803B2B1E3D1C004AC6BF /* CIPMIOSUITests.xctest */ = {isa = PBXFileReference; explicitFileType = wrapper.cfbundle; includeInIndex = 0; path = CIPMIOSUITests.xctest; sourceTree = BUILT_PRODUCTS_DIR; };
		444E803F2B1E3D1C004AC6BF /* CIPMIOSUITests.swift */ = {isa = PBXFileReference; lastKnownFileType = sourcecode.swift; path = CIPMIOSUITests.swift; sourceTree = "<group>"; };
		444E80412B1E3D1C004AC6BF /* CIPMIOSUITestsLaunchTests.swift */ = {isa = PBXFileReference; lastKnownFileType = sourcecode.swift; path = CIPMIOSUITestsLaunchTests.swift; sourceTree = "<group>"; };
		444E804F2B1E3D69004AC6BF /* Main.swift */ = {isa = PBXFileReference; lastKnownFileType = sourcecode.swift; path = Main.swift; sourceTree = "<group>"; };
		444E80532B1E3F97004AC6BF /* Routes.swift */ = {isa = PBXFileReference; lastKnownFileType = sourcecode.swift; path = Routes.swift; sourceTree = "<group>"; };
		444E80552B1E3FBA004AC6BF /* NotchSpacing.swift */ = {isa = PBXFileReference; lastKnownFileType = sourcecode.swift; path = NotchSpacing.swift; sourceTree = "<group>"; };
		444E80572B1E428C004AC6BF /* ButtonNormal.swift */ = {isa = PBXFileReference; lastKnownFileType = sourcecode.swift; path = ButtonNormal.swift; sourceTree = "<group>"; };
		444E80592B1E43EC004AC6BF /* Separador.swift */ = {isa = PBXFileReference; lastKnownFileType = sourcecode.swift; path = Separador.swift; sourceTree = "<group>"; };
		444E805B2B1E479B004AC6BF /* BottonImg.swift */ = {isa = PBXFileReference; lastKnownFileType = sourcecode.swift; path = BottonImg.swift; sourceTree = "<group>"; };
		444E805D2B1E5094004AC6BF /* BottonPeque.swift */ = {isa = PBXFileReference; lastKnownFileType = sourcecode.swift; path = BottonPeque.swift; sourceTree = "<group>"; };
		444E805F2B1E593D004AC6BF /* SpeakingFacil.swift */ = {isa = PBXFileReference; lastKnownFileType = sourcecode.swift; path = SpeakingFacil.swift; sourceTree = "<group>"; };
		444E80612B1E59B6004AC6BF /* Test.swift */ = {isa = PBXFileReference; lastKnownFileType = sourcecode.swift; path = Test.swift; sourceTree = "<group>"; };
		444E80632B1E5A3F004AC6BF /* Premium.swift */ = {isa = PBXFileReference; lastKnownFileType = sourcecode.swift; path = Premium.swift; sourceTree = "<group>"; };
		444E80652B1E5A7D004AC6BF /* Chat.swift */ = {isa = PBXFileReference; lastKnownFileType = sourcecode.swift; path = Chat.swift; sourceTree = "<group>"; };
		444E80672B1E5AAB004AC6BF /* Perfil.swift */ = {isa = PBXFileReference; lastKnownFileType = sourcecode.swift; path = Perfil.swift; sourceTree = "<group>"; };
		444E80692B1E5DE5004AC6BF /* HeaderNav.swift */ = {isa = PBXFileReference; lastKnownFileType = sourcecode.swift; path = HeaderNav.swift; sourceTree = "<group>"; };
		44584E822B332C2D00401894 /* C50a100.swift */ = {isa = PBXFileReference; lastKnownFileType = sourcecode.swift; path = C50a100.swift; sourceTree = "<group>"; };
		44584E842B33355200401894 /* C100a150.swift */ = {isa = PBXFileReference; lastKnownFileType = sourcecode.swift; path = C100a150.swift; sourceTree = "<group>"; };
		4460C6B22B224F9A002F981E /* VideoUrlHandler.swift */ = {isa = PBXFileReference; lastKnownFileType = sourcecode.swift; path = VideoUrlHandler.swift; sourceTree = "<group>"; };
		447314752B83A138008646CB /* SpeechView.swift */ = {isa = PBXFileReference; lastKnownFileType = sourcecode.swift; path = SpeechView.swift; sourceTree = "<group>"; };
		4475F8B42B237DD500307D02 /* Generator.swift */ = {isa = PBXFileReference; lastKnownFileType = sourcecode.swift; path = Generator.swift; sourceTree = "<group>"; };
		4475F8B72B237ECD00307D02 /* Intrans.swift */ = {isa = PBXFileReference; lastKnownFileType = sourcecode.swift; path = Intrans.swift; sourceTree = "<group>"; };
		4475F8B92B23807B00307D02 /* Nobles.swift */ = {isa = PBXFileReference; lastKnownFileType = sourcecode.swift; path = Nobles.swift; sourceTree = "<group>"; };
		4475F8BB2B2380A200307D02 /* Oo.swift */ = {isa = PBXFileReference; lastKnownFileType = sourcecode.swift; path = Oo.swift; sourceTree = "<group>"; };
		4475F8BD2B2380CD00307D02 /* Pasts.swift */ = {isa = PBXFileReference; lastKnownFileType = sourcecode.swift; path = Pasts.swift; sourceTree = "<group>"; };
		4475F8BF2B2380F800307D02 /* Arrays.swift */ = {isa = PBXFileReference; lastKnownFileType = sourcecode.swift; path = Arrays.swift; sourceTree = "<group>"; };
		4475F8C12B23812500307D02 /* Abstractos.swift */ = {isa = PBXFileReference; lastKnownFileType = sourcecode.swift; path = Abstractos.swift; sourceTree = "<group>"; };
		4475F8C32B23814400307D02 /* Special.swift */ = {isa = PBXFileReference; lastKnownFileType = sourcecode.swift; path = Special.swift; sourceTree = "<group>"; };
		4475F8C52B23817800307D02 /* People.swift */ = {isa = PBXFileReference; lastKnownFileType = sourcecode.swift; path = People.swift; sourceTree = "<group>"; };
		4475F8C72B23908000307D02 /* TextInput.swift */ = {isa = PBXFileReference; lastKnownFileType = sourcecode.swift; path = TextInput.swift; sourceTree = "<group>"; };
		4477A6D42B3480FA003A2475 /* C150a200.swift */ = {isa = PBXFileReference; lastKnownFileType = sourcecode.swift; path = C150a200.swift; sourceTree = "<group>"; };
		448260642B921E640065110D /* ToastCustom.swift */ = {isa = PBXFileReference; lastKnownFileType = sourcecode.swift; path = ToastCustom.swift; sourceTree = "<group>"; };
		4485CB272B31D53F00AE02FB /* Vocabgen.swift */ = {isa = PBXFileReference; lastKnownFileType = sourcecode.swift; path = Vocabgen.swift; sourceTree = "<group>"; };
		4485CB2A2B31D71F00AE02FB /* C0a50.swift */ = {isa = PBXFileReference; lastKnownFileType = sourcecode.swift; path = C0a50.swift; sourceTree = "<group>"; };
		4485CB2C2B31E96400AE02FB /* Funcs_Vocab.swift */ = {isa = PBXFileReference; lastKnownFileType = sourcecode.swift; path = Funcs_Vocab.swift; sourceTree = "<group>"; };
		449778DF2B3094F3006A6082 /* ToastManager.swift */ = {isa = PBXFileReference; lastKnownFileType = sourcecode.swift; path = ToastManager.swift; sourceTree = "<group>"; };
		44ADD0CA2B97688900383991 /* ListeningTypes.swift */ = {isa = PBXFileReference; lastKnownFileType = sourcecode.swift; path = ListeningTypes.swift; sourceTree = "<group>"; };
		44AF79162B2C91F100D732A0 /* PruebaView.swift */ = {isa = PBXFileReference; lastKnownFileType = sourcecode.swift; path = PruebaView.swift; sourceTree = "<group>"; };
		44AF79182B2CAA7100D732A0 /* Vocab.swift */ = {isa = PBXFileReference; lastKnownFileType = sourcecode.swift; path = Vocab.swift; sourceTree = "<group>"; };
		44B279972B8E2E1900EE23DB /* CultureVideoView.swift */ = {isa = PBXFileReference; lastKnownFileType = sourcecode.swift; path = CultureVideoView.swift; sourceTree = "<group>"; };
		44CBBAE52B71287000C0F321 /* GoogleService-Info.plist */ = {isa = PBXFileReference; fileEncoding = 4; lastKnownFileType = text.plist.xml; path = "GoogleService-Info.plist"; sourceTree = "<group>"; };
		44CBBAE82B712F9000C0F321 /* UserManager.swift */ = {isa = PBXFileReference; lastKnownFileType = sourcecode.swift; path = UserManager.swift; sourceTree = "<group>"; };
		44CBBAEB2B71359100C0F321 /* UserTypes.swift */ = {isa = PBXFileReference; lastKnownFileType = sourcecode.swift; path = UserTypes.swift; sourceTree = "<group>"; };
		44CCB4552B275C62000782E2 /* ProfileIconComp.swift */ = {isa = PBXFileReference; lastKnownFileType = sourcecode.swift; path = ProfileIconComp.swift; sourceTree = "<group>"; };
		44D9D9502B20B858004CCFFC /* BottomNav.swift */ = {isa = PBXFileReference; lastKnownFileType = sourcecode.swift; path = BottomNav.swift; sourceTree = "<group>"; };
		44F620FF2B7283E000CAD21C /* AuthManager.swift */ = {isa = PBXFileReference; lastKnownFileType = sourcecode.swift; path = AuthManager.swift; sourceTree = "<group>"; };
		44F621012B72856600CAD21C /* Login.swift */ = {isa = PBXFileReference; lastKnownFileType = sourcecode.swift; path = Login.swift; sourceTree = "<group>"; };
		44F6B0382B961286006FC9B6 /* LecturaView.swift */ = {isa = PBXFileReference; lastKnownFileType = sourcecode.swift; path = LecturaView.swift; sourceTree = "<group>"; };
		44F7D4FB2B1F790B00EAAC8B /* ModalView.swift */ = {isa = PBXFileReference; lastKnownFileType = sourcecode.swift; path = ModalView.swift; sourceTree = "<group>"; };
		44F7D4FD2B1F7BB800EAAC8B /* PickerCustom.swift */ = {isa = PBXFileReference; lastKnownFileType = sourcecode.swift; path = PickerCustom.swift; sourceTree = "<group>"; };
		44F7D4FF2B1F7DA200EAAC8B /* VideoPlayerView.swift */ = {isa = PBXFileReference; lastKnownFileType = sourcecode.swift; path = VideoPlayerView.swift; sourceTree = "<group>"; };
		44F7D5012B1F9DC500EAAC8B /* BtnEmpezar.swift */ = {isa = PBXFileReference; lastKnownFileType = sourcecode.swift; path = BtnEmpezar.swift; sourceTree = "<group>"; };
		44F7D5032B1F9E3200EAAC8B /* SeparadorPequeno.swift */ = {isa = PBXFileReference; lastKnownFileType = sourcecode.swift; path = SeparadorPequeno.swift; sourceTree = "<group>"; };
		44FC34E52B3C9EEA008982DF /* C200a250.swift */ = {isa = PBXFileReference; lastKnownFileType = sourcecode.swift; path = C200a250.swift; sourceTree = "<group>"; };
		44FC34E72B3C9EF2008982DF /* C250a300.swift */ = {isa = PBXFileReference; lastKnownFileType = sourcecode.swift; path = C250a300.swift; sourceTree = "<group>"; };
		C106F1AB2C359C40003F41E5 /* LearnStruct.swift */ = {isa = PBXFileReference; lastKnownFileType = sourcecode.swift; path = LearnStruct.swift; sourceTree = "<group>"; };
		C106F1AD2C359C97003F41E5 /* LearnStrucData.swift */ = {isa = PBXFileReference; lastKnownFileType = sourcecode.swift; path = LearnStrucData.swift; sourceTree = "<group>"; };
		C106F1AF2C359E55003F41E5 /* LearnStrucTypes.swift */ = {isa = PBXFileReference; lastKnownFileType = sourcecode.swift; path = LearnStrucTypes.swift; sourceTree = "<group>"; };
		C106F1B12C35A12E003F41E5 /* LearnStrucCard.swift */ = {isa = PBXFileReference; lastKnownFileType = sourcecode.swift; path = LearnStrucCard.swift; sourceTree = "<group>"; };
		C10FC59B2C174EFD0011F827 /* Toefl.swift */ = {isa = PBXFileReference; lastKnownFileType = sourcecode.swift; path = Toefl.swift; sourceTree = "<group>"; };
		C10FC59D2C174FB80011F827 /* PlanPerzonalizado.swift */ = {isa = PBXFileReference; lastKnownFileType = sourcecode.swift; path = PlanPerzonalizado.swift; sourceTree = "<group>"; };
		C10FC59F2C17521C0011F827 /* GlobalData.swift */ = {isa = PBXFileReference; lastKnownFileType = sourcecode.swift; path = GlobalData.swift; sourceTree = "<group>"; };
		C1331E982C0E5C2C00329281 /* LessonCard.swift */ = {isa = PBXFileReference; lastKnownFileType = sourcecode.swift; path = LessonCard.swift; sourceTree = "<group>"; };
		C1331E9A2C0E5D4500329281 /* LessonTypes.swift */ = {isa = PBXFileReference; lastKnownFileType = sourcecode.swift; path = LessonTypes.swift; sourceTree = "<group>"; };
		C1447CBC2C57DDBF0011C005 /* AuxModalNegator.swift */ = {isa = PBXFileReference; lastKnownFileType = sourcecode.swift; path = AuxModalNegator.swift; sourceTree = "<group>"; };
		C15814FF2BA09ECF008883E1 /* SpeakingDificil.swift */ = {isa = PBXFileReference; lastKnownFileType = sourcecode.swift; path = SpeakingDificil.swift; sourceTree = "<group>"; };
		C15B43E72BA36B6500D90883 /* ListeningDif.swift */ = {isa = PBXFileReference; lastKnownFileType = sourcecode.swift; path = ListeningDif.swift; sourceTree = "<group>"; };
		C162EFBC2C2DB17000250D55 /* KeyboardObserver.swift */ = {isa = PBXFileReference; lastKnownFileType = sourcecode.swift; path = KeyboardObserver.swift; sourceTree = "<group>"; };
		C16989322C18AB7D0059CE23 /* SpaInt.swift */ = {isa = PBXFileReference; lastKnownFileType = sourcecode.swift; path = SpaInt.swift; sourceTree = "<group>"; };
		C176FB8C2C0E451800487F3B /* TopNav.swift */ = {isa = PBXFileReference; lastKnownFileType = sourcecode.swift; path = TopNav.swift; sourceTree = "<group>"; };
		C176FB8E2C0E47A500487F3B /* Lessons.swift */ = {isa = PBXFileReference; lastKnownFileType = sourcecode.swift; path = Lessons.swift; sourceTree = "<group>"; };
		C183539A2BA9DE8100CBE367 /* RachelTypes.swift */ = {isa = PBXFileReference; lastKnownFileType = sourcecode.swift; path = RachelTypes.swift; sourceTree = "<group>"; };
		C18CA23A2C36F49A00309ACF /* LearnStrucFuncs.swift */ = {isa = PBXFileReference; lastKnownFileType = sourcecode.swift; path = LearnStrucFuncs.swift; sourceTree = "<group>"; };
		C192A59C2C456CBD005DD008 /* 0TO50.swift */ = {isa = PBXFileReference; lastKnownFileType = sourcecode.swift; path = 0TO50.swift; sourceTree = "<group>"; };
		C192A59E2C4575A4005DD008 /* NewNounClass.swift */ = {isa = PBXFileReference; lastKnownFileType = sourcecode.swift; path = NewNounClass.swift; sourceTree = "<group>"; };
		C192A5A02C457660005DD008 /* NewVerbClass.swift */ = {isa = PBXFileReference; lastKnownFileType = sourcecode.swift; path = NewVerbClass.swift; sourceTree = "<group>"; };
		C195A8CF2C4AC064005E48C3 /* LessonsData.swift */ = {isa = PBXFileReference; lastKnownFileType = sourcecode.swift; path = LessonsData.swift; sourceTree = "<group>"; };
		C195A8D12C4AC3FD005E48C3 /* SplashScreenView.swift */ = {isa = PBXFileReference; lastKnownFileType = sourcecode.swift; path = SplashScreenView.swift; sourceTree = "<group>"; };
		C1FC590C2C3ECEC10040D5EF /* LearnWord.swift */ = {isa = PBXFileReference; lastKnownFileType = sourcecode.swift; path = LearnWord.swift; sourceTree = "<group>"; };
		C1FC590E2C3ECF2A0040D5EF /* LearnWordFuncs.swift */ = {isa = PBXFileReference; lastKnownFileType = sourcecode.swift; path = LearnWordFuncs.swift; sourceTree = "<group>"; };
		C1FC59102C3ECF450040D5EF /* LearnWordData.swift */ = {isa = PBXFileReference; lastKnownFileType = sourcecode.swift; path = LearnWordData.swift; sourceTree = "<group>"; };
		C1FC59122C3ECF730040D5EF /* LearnWordTypes.swift */ = {isa = PBXFileReference; lastKnownFileType = sourcecode.swift; path = LearnWordTypes.swift; sourceTree = "<group>"; };
		C1FC59142C3ED1C60040D5EF /* LearnWordCard.swift */ = {isa = PBXFileReference; lastKnownFileType = sourcecode.swift; path = LearnWordCard.swift; sourceTree = "<group>"; };
/* End PBXFileReference section */

/* Begin PBXFrameworksBuildPhase section */
		444E801E2B1E3D1B004AC6BF /* Frameworks */ = {
			isa = PBXFrameworksBuildPhase;
			buildActionMask = 2147483647;
			files = (
				C1CD12532C2B04DF004D9DC4 /* SwiftSpeech in Frameworks */,
				44F620FE2B727FDB00CAD21C /* URLImageStore in Frameworks */,
				44CBBAE02B71271600C0F321 /* FirebaseAuth in Frameworks */,
				44CBBAE22B71271600C0F321 /* FirebaseFirestore in Frameworks */,
				449E85522B9F54FE00CD8E1B /* FirebaseFirestoreSwift in Frameworks */,
				449E85502B9F54FE00CD8E1B /* FirebaseFirestoreCombine-Community in Frameworks */,
				44F620FC2B727FDB00CAD21C /* URLImage in Frameworks */,
				44CBBAE42B71271600C0F321 /* FirebaseStorage in Frameworks */,
			);
			runOnlyForDeploymentPostprocessing = 0;
		};
		444E802E2B1E3D1C004AC6BF /* Frameworks */ = {
			isa = PBXFrameworksBuildPhase;
			buildActionMask = 2147483647;
			files = (
			);
			runOnlyForDeploymentPostprocessing = 0;
		};
		444E80382B1E3D1C004AC6BF /* Frameworks */ = {
			isa = PBXFrameworksBuildPhase;
			buildActionMask = 2147483647;
			files = (
			);
			runOnlyForDeploymentPostprocessing = 0;
		};
/* End PBXFrameworksBuildPhase section */

/* Begin PBXGroup section */
		441D38D22B237C0500190840 /* Generador */ = {
			isa = PBXGroup;
			children = (
				4475F8B42B237DD500307D02 /* Generator.swift */,
				4485CB272B31D53F00AE02FB /* Vocabgen.swift */,
				C192A59C2C456CBD005DD008 /* 0TO50.swift */,
				C192A59E2C4575A4005DD008 /* NewNounClass.swift */,
				C192A5A02C457660005DD008 /* NewVerbClass.swift */,
				C1447CBC2C57DDBF0011C005 /* AuxModalNegator.swift */,
			);
			path = Generador;
			sourceTree = "<group>";
		};
		443589D62B20E86A00D5760D /* func */ = {
			isa = PBXGroup;
			children = (
				4460C6B22B224F9A002F981E /* VideoUrlHandler.swift */,
				44476F8C2B28AFF300D57C6C /* Funcs_Estruc.swift */,
				4485CB2C2B31E96400AE02FB /* Funcs_Vocab.swift */,
				C162EFBC2C2DB17000250D55 /* KeyboardObserver.swift */,
				C18CA23A2C36F49A00309ACF /* LearnStrucFuncs.swift */,
				C1FC590E2C3ECF2A0040D5EF /* LearnWordFuncs.swift */,
			);
			path = func;
			sourceTree = "<group>";
		};
		444E80182B1E3D1B004AC6BF = {
			isa = PBXGroup;
			children = (
				444E80232B1E3D1B004AC6BF /* CIPMIOS */,
				444E80342B1E3D1C004AC6BF /* CIPMIOSTests */,
				444E803E2B1E3D1C004AC6BF /* CIPMIOSUITests */,
				444E80222B1E3D1B004AC6BF /* Products */,
			);
			sourceTree = "<group>";
		};
		444E80222B1E3D1B004AC6BF /* Products */ = {
			isa = PBXGroup;
			children = (
				444E80212B1E3D1B004AC6BF /* CIPMIOS.app */,
				444E80312B1E3D1C004AC6BF /* CIPMIOSTests.xctest */,
				444E803B2B1E3D1C004AC6BF /* CIPMIOSUITests.xctest */,
			);
			name = Products;
			sourceTree = "<group>";
		};
		444E80232B1E3D1B004AC6BF /* CIPMIOS */ = {
			isa = PBXGroup;
			children = (
				44CBBAEA2B71357B00C0F321 /* Types */,
				44CBBAE72B712EB200C0F321 /* Db */,
				4485CB292B31D70A00AE02FB /* VocabLeng */,
				4475F8B62B237E5E00307D02 /* EstructurasLeng */,
				441D38D22B237C0500190840 /* Generador */,
				443589D62B20E86A00D5760D /* func */,
				444E80522B1E3F7F004AC6BF /* Routes */,
				444E80512B1E3F72004AC6BF /* Components */,
				444E804E2B1E3D58004AC6BF /* Views */,
				444E80242B1E3D1B004AC6BF /* CIPMIOSApp.swift */,
				444E80262B1E3D1B004AC6BF /* ContentView.swift */,
				444E80282B1E3D1C004AC6BF /* Assets.xcassets */,
				44CBBAE52B71287000C0F321 /* GoogleService-Info.plist */,
				444E802A2B1E3D1C004AC6BF /* Preview Content */,
			);
			path = CIPMIOS;
			sourceTree = "<group>";
		};
		444E802A2B1E3D1C004AC6BF /* Preview Content */ = {
			isa = PBXGroup;
			children = (
				444E802B2B1E3D1C004AC6BF /* Preview Assets.xcassets */,
			);
			path = "Preview Content";
			sourceTree = "<group>";
		};
		444E80342B1E3D1C004AC6BF /* CIPMIOSTests */ = {
			isa = PBXGroup;
			children = (
				444E80352B1E3D1C004AC6BF /* CIPMIOSTests.swift */,
			);
			path = CIPMIOSTests;
			sourceTree = "<group>";
		};
		444E803E2B1E3D1C004AC6BF /* CIPMIOSUITests */ = {
			isa = PBXGroup;
			children = (
				444E803F2B1E3D1C004AC6BF /* CIPMIOSUITests.swift */,
				444E80412B1E3D1C004AC6BF /* CIPMIOSUITestsLaunchTests.swift */,
			);
			path = CIPMIOSUITests;
			sourceTree = "<group>";
		};
		444E804E2B1E3D58004AC6BF /* Views */ = {
			isa = PBXGroup;
			children = (
				444E804F2B1E3D69004AC6BF /* Main.swift */,
				444E805F2B1E593D004AC6BF /* SpeakingFacil.swift */,
				444E80612B1E59B6004AC6BF /* Test.swift */,
				444E80632B1E5A3F004AC6BF /* Premium.swift */,
				444E80652B1E5A7D004AC6BF /* Chat.swift */,
				444E80672B1E5AAB004AC6BF /* Perfil.swift */,
				44AF79162B2C91F100D732A0 /* PruebaView.swift */,
				44AF79182B2CAA7100D732A0 /* Vocab.swift */,
				44F621012B72856600CAD21C /* Login.swift */,
				440F48FE2B73DD170082CE34 /* Registro.swift */,
				444226FD2B7A6A7300881CF8 /* ResetPass.swift */,
				447314752B83A138008646CB /* SpeechView.swift */,
				4443DBDB2B83A6FC002386E8 /* Listening.swift */,
				44F6B0382B961286006FC9B6 /* LecturaView.swift */,
				C15814FF2BA09ECF008883E1 /* SpeakingDificil.swift */,
				C15B43E72BA36B6500D90883 /* ListeningDif.swift */,
				C176FB8E2C0E47A500487F3B /* Lessons.swift */,
				C195A8CF2C4AC064005E48C3 /* LessonsData.swift */,
				C10FC59B2C174EFD0011F827 /* Toefl.swift */,
				C10FC59D2C174FB80011F827 /* PlanPerzonalizado.swift */,
				C16989322C18AB7D0059CE23 /* SpaInt.swift */,
				C106F1AB2C359C40003F41E5 /* LearnStruct.swift */,
				C1FC590C2C3ECEC10040D5EF /* LearnWord.swift */,
			);
			path = Views;
			sourceTree = "<group>";
		};
		444E80512B1E3F72004AC6BF /* Components */ = {
			isa = PBXGroup;
			children = (
				444E80552B1E3FBA004AC6BF /* NotchSpacing.swift */,
				444E80572B1E428C004AC6BF /* ButtonNormal.swift */,
				444E80592B1E43EC004AC6BF /* Separador.swift */,
				444E805B2B1E479B004AC6BF /* BottonImg.swift */,
				444E805D2B1E5094004AC6BF /* BottonPeque.swift */,
				444E80692B1E5DE5004AC6BF /* HeaderNav.swift */,
				44F7D4FB2B1F790B00EAAC8B /* ModalView.swift */,
				44F7D4FD2B1F7BB800EAAC8B /* PickerCustom.swift */,
				44F7D4FF2B1F7DA200EAAC8B /* VideoPlayerView.swift */,
				44F7D5012B1F9DC500EAAC8B /* BtnEmpezar.swift */,
				44F7D5032B1F9E3200EAAC8B /* SeparadorPequeno.swift */,
				44D9D9502B20B858004CCFFC /* BottomNav.swift */,
				4475F8C72B23908000307D02 /* TextInput.swift */,
				44CCB4552B275C62000782E2 /* ProfileIconComp.swift */,
				449778DF2B3094F3006A6082 /* ToastManager.swift */,
				44B279972B8E2E1900EE23DB /* CultureVideoView.swift */,
				448260642B921E640065110D /* ToastCustom.swift */,
				C176FB8C2C0E451800487F3B /* TopNav.swift */,
				C1331E982C0E5C2C00329281 /* LessonCard.swift */,
				C106F1B12C35A12E003F41E5 /* LearnStrucCard.swift */,
				C1FC59142C3ED1C60040D5EF /* LearnWordCard.swift */,
				C195A8D12C4AC3FD005E48C3 /* SplashScreenView.swift */,
			);
			path = Components;
			sourceTree = "<group>";
		};
		444E80522B1E3F7F004AC6BF /* Routes */ = {
			isa = PBXGroup;
			children = (
				444E80532B1E3F97004AC6BF /* Routes.swift */,
				440F49002B73DD880082CE34 /* AuthRoutes.swift */,
			);
			path = Routes;
			sourceTree = "<group>";
		};
		4475F8B62B237E5E00307D02 /* EstructurasLeng */ = {
			isa = PBXGroup;
			children = (
				4475F8B72B237ECD00307D02 /* Intrans.swift */,
				4475F8B92B23807B00307D02 /* Nobles.swift */,
				4475F8BB2B2380A200307D02 /* Oo.swift */,
				4475F8BD2B2380CD00307D02 /* Pasts.swift */,
				4475F8BF2B2380F800307D02 /* Arrays.swift */,
				4475F8C12B23812500307D02 /* Abstractos.swift */,
				4475F8C32B23814400307D02 /* Special.swift */,
				4475F8C52B23817800307D02 /* People.swift */,
			);
			path = EstructurasLeng;
			sourceTree = "<group>";
		};
		4485CB292B31D70A00AE02FB /* VocabLeng */ = {
			isa = PBXGroup;
			children = (
				4485CB2A2B31D71F00AE02FB /* C0a50.swift */,
				44584E822B332C2D00401894 /* C50a100.swift */,
				44584E842B33355200401894 /* C100a150.swift */,
				4477A6D42B3480FA003A2475 /* C150a200.swift */,
				44FC34E52B3C9EEA008982DF /* C200a250.swift */,
				44FC34E72B3C9EF2008982DF /* C250a300.swift */,
			);
			path = VocabLeng;
			sourceTree = "<group>";
		};
		44CBBAE72B712EB200C0F321 /* Db */ = {
			isa = PBXGroup;
			children = (
				44CBBAE82B712F9000C0F321 /* UserManager.swift */,
				44F620FF2B7283E000CAD21C /* AuthManager.swift */,
				C10FC59F2C17521C0011F827 /* GlobalData.swift */,
				C106F1AD2C359C97003F41E5 /* LearnStrucData.swift */,
				C1FC59102C3ECF450040D5EF /* LearnWordData.swift */,
			);
			path = Db;
			sourceTree = "<group>";
		};
		44CBBAEA2B71357B00C0F321 /* Types */ = {
			isa = PBXGroup;
			children = (
				44CBBAEB2B71359100C0F321 /* UserTypes.swift */,
				4445EA762B84F4FF00C65685 /* CultureTypes.swift */,
				44ADD0CA2B97688900383991 /* ListeningTypes.swift */,
				C183539A2BA9DE8100CBE367 /* RachelTypes.swift */,
				C1331E9A2C0E5D4500329281 /* LessonTypes.swift */,
				C106F1AF2C359E55003F41E5 /* LearnStrucTypes.swift */,
				C1FC59122C3ECF730040D5EF /* LearnWordTypes.swift */,
			);
			path = Types;
			sourceTree = "<group>";
		};
/* End PBXGroup section */

/* Begin PBXNativeTarget section */
		444E80202B1E3D1B004AC6BF /* CIPMIOS */ = {
			isa = PBXNativeTarget;
			buildConfigurationList = 444E80452B1E3D1C004AC6BF /* Build configuration list for PBXNativeTarget "CIPMIOS" */;
			buildPhases = (
				444E801D2B1E3D1B004AC6BF /* Sources */,
				444E801E2B1E3D1B004AC6BF /* Frameworks */,
				444E801F2B1E3D1B004AC6BF /* Resources */,
			);
			buildRules = (
			);
			dependencies = (
			);
			name = CIPMIOS;
			packageProductDependencies = (
				44CBBADF2B71271600C0F321 /* FirebaseAuth */,
				44CBBAE12B71271600C0F321 /* FirebaseFirestore */,
				44CBBAE32B71271600C0F321 /* FirebaseStorage */,
				44F620FB2B727FDB00CAD21C /* URLImage */,
				44F620FD2B727FDB00CAD21C /* URLImageStore */,
				449E854F2B9F54FE00CD8E1B /* FirebaseFirestoreCombine-Community */,
				449E85512B9F54FE00CD8E1B /* FirebaseFirestoreSwift */,
				C1CD12522C2B04DF004D9DC4 /* SwiftSpeech */,
			);
			productName = CIPMIOS;
			productReference = 444E80212B1E3D1B004AC6BF /* CIPMIOS.app */;
			productType = "com.apple.product-type.application";
		};
		444E80302B1E3D1C004AC6BF /* CIPMIOSTests */ = {
			isa = PBXNativeTarget;
			buildConfigurationList = 444E80482B1E3D1C004AC6BF /* Build configuration list for PBXNativeTarget "CIPMIOSTests" */;
			buildPhases = (
				444E802D2B1E3D1C004AC6BF /* Sources */,
				444E802E2B1E3D1C004AC6BF /* Frameworks */,
				444E802F2B1E3D1C004AC6BF /* Resources */,
			);
			buildRules = (
			);
			dependencies = (
				444E80332B1E3D1C004AC6BF /* PBXTargetDependency */,
			);
			name = CIPMIOSTests;
			productName = CIPMIOSTests;
			productReference = 444E80312B1E3D1C004AC6BF /* CIPMIOSTests.xctest */;
			productType = "com.apple.product-type.bundle.unit-test";
		};
		444E803A2B1E3D1C004AC6BF /* CIPMIOSUITests */ = {
			isa = PBXNativeTarget;
			buildConfigurationList = 444E804B2B1E3D1C004AC6BF /* Build configuration list for PBXNativeTarget "CIPMIOSUITests" */;
			buildPhases = (
				444E80372B1E3D1C004AC6BF /* Sources */,
				444E80382B1E3D1C004AC6BF /* Frameworks */,
				444E80392B1E3D1C004AC6BF /* Resources */,
			);
			buildRules = (
			);
			dependencies = (
				444E803D2B1E3D1C004AC6BF /* PBXTargetDependency */,
			);
			name = CIPMIOSUITests;
			productName = CIPMIOSUITests;
			productReference = 444E803B2B1E3D1C004AC6BF /* CIPMIOSUITests.xctest */;
			productType = "com.apple.product-type.bundle.ui-testing";
		};
/* End PBXNativeTarget section */

/* Begin PBXProject section */
		444E80192B1E3D1B004AC6BF /* Project object */ = {
			isa = PBXProject;
			attributes = {
				BuildIndependentTargetsInParallel = 1;
				LastSwiftUpdateCheck = 1500;
				LastUpgradeCheck = 1500;
				TargetAttributes = {
					444E80202B1E3D1B004AC6BF = {
						CreatedOnToolsVersion = 15.0.1;
					};
					444E80302B1E3D1C004AC6BF = {
						CreatedOnToolsVersion = 15.0.1;
						TestTargetID = 444E80202B1E3D1B004AC6BF;
					};
					444E803A2B1E3D1C004AC6BF = {
						CreatedOnToolsVersion = 15.0.1;
						TestTargetID = 444E80202B1E3D1B004AC6BF;
					};
				};
			};
			buildConfigurationList = 444E801C2B1E3D1B004AC6BF /* Build configuration list for PBXProject "CIPMIOS" */;
			compatibilityVersion = "Xcode 14.0";
			developmentRegion = en;
			hasScannedForEncodings = 0;
			knownRegions = (
				en,
				Base,
			);
			mainGroup = 444E80182B1E3D1B004AC6BF;
			packageReferences = (
				44CBBADE2B7123F700C0F321 /* XCRemoteSwiftPackageReference "firebase-ios-sdk" */,
				44F620FA2B727FDB00CAD21C /* XCRemoteSwiftPackageReference "url-image" */,
				C1CD12512C2B04DF004D9DC4 /* XCRemoteSwiftPackageReference "SwiftSpeech" */,
			);
			productRefGroup = 444E80222B1E3D1B004AC6BF /* Products */;
			projectDirPath = "";
			projectRoot = "";
			targets = (
				444E80202B1E3D1B004AC6BF /* CIPMIOS */,
				444E80302B1E3D1C004AC6BF /* CIPMIOSTests */,
				444E803A2B1E3D1C004AC6BF /* CIPMIOSUITests */,
			);
		};
/* End PBXProject section */

/* Begin PBXResourcesBuildPhase section */
		444E801F2B1E3D1B004AC6BF /* Resources */ = {
			isa = PBXResourcesBuildPhase;
			buildActionMask = 2147483647;
			files = (
				444E802C2B1E3D1C004AC6BF /* Preview Assets.xcassets in Resources */,
				444E80292B1E3D1C004AC6BF /* Assets.xcassets in Resources */,
				44CBBAE62B71287000C0F321 /* GoogleService-Info.plist in Resources */,
			);
			runOnlyForDeploymentPostprocessing = 0;
		};
		444E802F2B1E3D1C004AC6BF /* Resources */ = {
			isa = PBXResourcesBuildPhase;
			buildActionMask = 2147483647;
			files = (
			);
			runOnlyForDeploymentPostprocessing = 0;
		};
		444E80392B1E3D1C004AC6BF /* Resources */ = {
			isa = PBXResourcesBuildPhase;
			buildActionMask = 2147483647;
			files = (
			);
			runOnlyForDeploymentPostprocessing = 0;
		};
/* End PBXResourcesBuildPhase section */

/* Begin PBXSourcesBuildPhase section */
		444E801D2B1E3D1B004AC6BF /* Sources */ = {
			isa = PBXSourcesBuildPhase;
			buildActionMask = 2147483647;
			files = (
				C16989332C18AB7D0059CE23 /* SpaInt.swift in Sources */,
				44F7D5022B1F9DC500EAAC8B /* BtnEmpezar.swift in Sources */,
				44584E832B332C2D00401894 /* C50a100.swift in Sources */,
				444E80662B1E5A7D004AC6BF /* Chat.swift in Sources */,
				C192A59F2C4575A4005DD008 /* NewNounClass.swift in Sources */,
				444E80682B1E5AAB004AC6BF /* Perfil.swift in Sources */,
				4485CB2D2B31E96400AE02FB /* Funcs_Vocab.swift in Sources */,
				C106F1B02C359E55003F41E5 /* LearnStrucTypes.swift in Sources */,
				44AF79192B2CAA7100D732A0 /* Vocab.swift in Sources */,
				44CBBAE92B712F9000C0F321 /* UserManager.swift in Sources */,
				44B279982B8E2E1900EE23DB /* CultureVideoView.swift in Sources */,
				C1331E992C0E5C2C00329281 /* LessonCard.swift in Sources */,
				44F7D4FC2B1F790B00EAAC8B /* ModalView.swift in Sources */,
				C15B43E82BA36B6500D90883 /* ListeningDif.swift in Sources */,
				440F48FF2B73DD170082CE34 /* Registro.swift in Sources */,
				444E80502B1E3D69004AC6BF /* Main.swift in Sources */,
				C192A5A12C457660005DD008 /* NewVerbClass.swift in Sources */,
				4485CB282B31D53F00AE02FB /* Vocabgen.swift in Sources */,
				4443DBDC2B83A6FC002386E8 /* Listening.swift in Sources */,
				444E80602B1E593D004AC6BF /* SpeakingFacil.swift in Sources */,
				44F7D5002B1F7DA200EAAC8B /* VideoPlayerView.swift in Sources */,
				C183539B2BA9DE8100CBE367 /* RachelTypes.swift in Sources */,
				4475F8C62B23817800307D02 /* People.swift in Sources */,
				4475F8BA2B23807B00307D02 /* Nobles.swift in Sources */,
				C18CA23B2C36F49A00309ACF /* LearnStrucFuncs.swift in Sources */,
				440F49012B73DD880082CE34 /* AuthRoutes.swift in Sources */,
				444E805A2B1E43EC004AC6BF /* Separador.swift in Sources */,
				4475F8C42B23814400307D02 /* Special.swift in Sources */,
				4460C6B32B224F9A002F981E /* VideoUrlHandler.swift in Sources */,
				44F7D4FE2B1F7BB800EAAC8B /* PickerCustom.swift in Sources */,
				44F621022B72856600CAD21C /* Login.swift in Sources */,
				444E80642B1E5A3F004AC6BF /* Premium.swift in Sources */,
				448260652B921E640065110D /* ToastCustom.swift in Sources */,
				C176FB8D2C0E451800487F3B /* TopNav.swift in Sources */,
				449778E02B3094F3006A6082 /* ToastManager.swift in Sources */,
				4445EA772B84F4FF00C65685 /* CultureTypes.swift in Sources */,
				C1FC59132C3ECF730040D5EF /* LearnWordTypes.swift in Sources */,
				C106F1B22C35A12E003F41E5 /* LearnStrucCard.swift in Sources */,
				447314762B83A138008646CB /* SpeechView.swift in Sources */,
				444E80542B1E3F97004AC6BF /* Routes.swift in Sources */,
				444E80562B1E3FBA004AC6BF /* NotchSpacing.swift in Sources */,
				444E80622B1E59B6004AC6BF /* Test.swift in Sources */,
				4475F8C82B23908000307D02 /* TextInput.swift in Sources */,
				C162EFBD2C2DB17000250D55 /* KeyboardObserver.swift in Sources */,
				C10FC59C2C174EFD0011F827 /* Toefl.swift in Sources */,
				444E80272B1E3D1B004AC6BF /* ContentView.swift in Sources */,
				4475F8BE2B2380CD00307D02 /* Pasts.swift in Sources */,
				4475F8BC2B2380A200307D02 /* Oo.swift in Sources */,
				4485CB2B2B31D71F00AE02FB /* C0a50.swift in Sources */,
				4477A6D52B3480FA003A2475 /* C150a200.swift in Sources */,
				44F6B0392B961286006FC9B6 /* LecturaView.swift in Sources */,
				C195A8D22C4AC3FD005E48C3 /* SplashScreenView.swift in Sources */,
				4475F8C02B2380F800307D02 /* Arrays.swift in Sources */,
				44CCB4562B275C62000782E2 /* ProfileIconComp.swift in Sources */,
				444E805E2B1E5094004AC6BF /* BottonPeque.swift in Sources */,
				44F7D5042B1F9E3200EAAC8B /* SeparadorPequeno.swift in Sources */,
				4475F8B82B237ECD00307D02 /* Intrans.swift in Sources */,
				C1447CBD2C57DDBF0011C005 /* AuxModalNegator.swift in Sources */,
				C10FC5A02C17521C0011F827 /* GlobalData.swift in Sources */,
				C195A8D02C4AC064005E48C3 /* LessonsData.swift in Sources */,
				C176FB8F2C0E47A500487F3B /* Lessons.swift in Sources */,
				4475F8C22B23812500307D02 /* Abstractos.swift in Sources */,
				44FC34E62B3C9EEA008982DF /* C200a250.swift in Sources */,
				C1FC590D2C3ECEC10040D5EF /* LearnWord.swift in Sources */,
				444E805C2B1E479B004AC6BF /* BottonImg.swift in Sources */,
				C1FC59112C3ECF450040D5EF /* LearnWordData.swift in Sources */,
				C1331E9B2C0E5D4500329281 /* LessonTypes.swift in Sources */,
				444226FE2B7A6A7300881CF8 /* ResetPass.swift in Sources */,
				44584E852B33355200401894 /* C100a150.swift in Sources */,
				C192A59D2C456CBD005DD008 /* 0TO50.swift in Sources */,
				444E806A2B1E5DE5004AC6BF /* HeaderNav.swift in Sources */,
				444E80582B1E428C004AC6BF /* ButtonNormal.swift in Sources */,
				44AF79172B2C91F100D732A0 /* PruebaView.swift in Sources */,
				44D9D9512B20B858004CCFFC /* BottomNav.swift in Sources */,
				C1FC59152C3ED1C60040D5EF /* LearnWordCard.swift in Sources */,
				44476F8D2B28AFF300D57C6C /* Funcs_Estruc.swift in Sources */,
				44FC34E82B3C9EF2008982DF /* C250a300.swift in Sources */,
				444E80252B1E3D1B004AC6BF /* CIPMIOSApp.swift in Sources */,
				C106F1AE2C359C97003F41E5 /* LearnStrucData.swift in Sources */,
				4475F8B52B237DD500307D02 /* Generator.swift in Sources */,
				C10FC59E2C174FB80011F827 /* PlanPerzonalizado.swift in Sources */,
				C106F1AC2C359C40003F41E5 /* LearnStruct.swift in Sources */,
				44ADD0CB2B97688900383991 /* ListeningTypes.swift in Sources */,
				44CBBAEC2B71359100C0F321 /* UserTypes.swift in Sources */,
				C15815002BA09ECF008883E1 /* SpeakingDificil.swift in Sources */,
				C1FC590F2C3ECF2A0040D5EF /* LearnWordFuncs.swift in Sources */,
				44F621002B7283E000CAD21C /* AuthManager.swift in Sources */,
			);
			runOnlyForDeploymentPostprocessing = 0;
		};
		444E802D2B1E3D1C004AC6BF /* Sources */ = {
			isa = PBXSourcesBuildPhase;
			buildActionMask = 2147483647;
			files = (
				444E80362B1E3D1C004AC6BF /* CIPMIOSTests.swift in Sources */,
			);
			runOnlyForDeploymentPostprocessing = 0;
		};
		444E80372B1E3D1C004AC6BF /* Sources */ = {
			isa = PBXSourcesBuildPhase;
			buildActionMask = 2147483647;
			files = (
				444E80402B1E3D1C004AC6BF /* CIPMIOSUITests.swift in Sources */,
				444E80422B1E3D1C004AC6BF /* CIPMIOSUITestsLaunchTests.swift in Sources */,
			);
			runOnlyForDeploymentPostprocessing = 0;
		};
/* End PBXSourcesBuildPhase section */

/* Begin PBXTargetDependency section */
		444E80332B1E3D1C004AC6BF /* PBXTargetDependency */ = {
			isa = PBXTargetDependency;
			target = 444E80202B1E3D1B004AC6BF /* CIPMIOS */;
			targetProxy = 444E80322B1E3D1C004AC6BF /* PBXContainerItemProxy */;
		};
		444E803D2B1E3D1C004AC6BF /* PBXTargetDependency */ = {
			isa = PBXTargetDependency;
			target = 444E80202B1E3D1B004AC6BF /* CIPMIOS */;
			targetProxy = 444E803C2B1E3D1C004AC6BF /* PBXContainerItemProxy */;
		};
/* End PBXTargetDependency section */

/* Begin XCBuildConfiguration section */
		444E80432B1E3D1C004AC6BF /* Debug */ = {
			isa = XCBuildConfiguration;
			buildSettings = {
				ALWAYS_SEARCH_USER_PATHS = NO;
				ASSETCATALOG_COMPILER_GENERATE_SWIFT_ASSET_SYMBOL_EXTENSIONS = YES;
				CLANG_ANALYZER_NONNULL = YES;
				CLANG_ANALYZER_NUMBER_OBJECT_CONVERSION = YES_AGGRESSIVE;
				CLANG_CXX_LANGUAGE_STANDARD = "gnu++20";
				CLANG_ENABLE_MODULES = YES;
				CLANG_ENABLE_OBJC_ARC = YES;
				CLANG_ENABLE_OBJC_WEAK = YES;
				CLANG_WARN_BLOCK_CAPTURE_AUTORELEASING = YES;
				CLANG_WARN_BOOL_CONVERSION = YES;
				CLANG_WARN_COMMA = YES;
				CLANG_WARN_CONSTANT_CONVERSION = YES;
				CLANG_WARN_DEPRECATED_OBJC_IMPLEMENTATIONS = YES;
				CLANG_WARN_DIRECT_OBJC_ISA_USAGE = YES_ERROR;
				CLANG_WARN_DOCUMENTATION_COMMENTS = YES;
				CLANG_WARN_EMPTY_BODY = YES;
				CLANG_WARN_ENUM_CONVERSION = YES;
				CLANG_WARN_INFINITE_RECURSION = YES;
				CLANG_WARN_INT_CONVERSION = YES;
				CLANG_WARN_NON_LITERAL_NULL_CONVERSION = YES;
				CLANG_WARN_OBJC_IMPLICIT_RETAIN_SELF = YES;
				CLANG_WARN_OBJC_LITERAL_CONVERSION = YES;
				CLANG_WARN_OBJC_ROOT_CLASS = YES_ERROR;
				CLANG_WARN_QUOTED_INCLUDE_IN_FRAMEWORK_HEADER = YES;
				CLANG_WARN_RANGE_LOOP_ANALYSIS = YES;
				CLANG_WARN_STRICT_PROTOTYPES = YES;
				CLANG_WARN_SUSPICIOUS_MOVE = YES;
				CLANG_WARN_UNGUARDED_AVAILABILITY = YES_AGGRESSIVE;
				CLANG_WARN_UNREACHABLE_CODE = YES;
				CLANG_WARN__DUPLICATE_METHOD_MATCH = YES;
				COPY_PHASE_STRIP = NO;
				DEBUG_INFORMATION_FORMAT = dwarf;
				ENABLE_STRICT_OBJC_MSGSEND = YES;
				ENABLE_TESTABILITY = YES;
				ENABLE_USER_SCRIPT_SANDBOXING = YES;
				GCC_C_LANGUAGE_STANDARD = gnu17;
				GCC_DYNAMIC_NO_PIC = NO;
				GCC_NO_COMMON_BLOCKS = YES;
				GCC_OPTIMIZATION_LEVEL = 0;
				GCC_PREPROCESSOR_DEFINITIONS = (
					"DEBUG=1",
					"$(inherited)",
				);
				GCC_WARN_64_TO_32_BIT_CONVERSION = YES;
				GCC_WARN_ABOUT_RETURN_TYPE = YES_ERROR;
				GCC_WARN_UNDECLARED_SELECTOR = YES;
				GCC_WARN_UNINITIALIZED_AUTOS = YES_AGGRESSIVE;
				GCC_WARN_UNUSED_FUNCTION = YES;
				GCC_WARN_UNUSED_VARIABLE = YES;
				IPHONEOS_DEPLOYMENT_TARGET = 17.0;
				LOCALIZATION_PREFERS_STRING_CATALOGS = YES;
				MTL_ENABLE_DEBUG_INFO = INCLUDE_SOURCE;
				MTL_FAST_MATH = YES;
				ONLY_ACTIVE_ARCH = YES;
				SDKROOT = iphoneos;
				SWIFT_ACTIVE_COMPILATION_CONDITIONS = "DEBUG $(inherited)";
				SWIFT_OPTIMIZATION_LEVEL = "-Onone";
			};
			name = Debug;
		};
		444E80442B1E3D1C004AC6BF /* Release */ = {
			isa = XCBuildConfiguration;
			buildSettings = {
				ALWAYS_SEARCH_USER_PATHS = NO;
				ASSETCATALOG_COMPILER_GENERATE_SWIFT_ASSET_SYMBOL_EXTENSIONS = YES;
				CLANG_ANALYZER_NONNULL = YES;
				CLANG_ANALYZER_NUMBER_OBJECT_CONVERSION = YES_AGGRESSIVE;
				CLANG_CXX_LANGUAGE_STANDARD = "gnu++20";
				CLANG_ENABLE_MODULES = YES;
				CLANG_ENABLE_OBJC_ARC = YES;
				CLANG_ENABLE_OBJC_WEAK = YES;
				CLANG_WARN_BLOCK_CAPTURE_AUTORELEASING = YES;
				CLANG_WARN_BOOL_CONVERSION = YES;
				CLANG_WARN_COMMA = YES;
				CLANG_WARN_CONSTANT_CONVERSION = YES;
				CLANG_WARN_DEPRECATED_OBJC_IMPLEMENTATIONS = YES;
				CLANG_WARN_DIRECT_OBJC_ISA_USAGE = YES_ERROR;
				CLANG_WARN_DOCUMENTATION_COMMENTS = YES;
				CLANG_WARN_EMPTY_BODY = YES;
				CLANG_WARN_ENUM_CONVERSION = YES;
				CLANG_WARN_INFINITE_RECURSION = YES;
				CLANG_WARN_INT_CONVERSION = YES;
				CLANG_WARN_NON_LITERAL_NULL_CONVERSION = YES;
				CLANG_WARN_OBJC_IMPLICIT_RETAIN_SELF = YES;
				CLANG_WARN_OBJC_LITERAL_CONVERSION = YES;
				CLANG_WARN_OBJC_ROOT_CLASS = YES_ERROR;
				CLANG_WARN_QUOTED_INCLUDE_IN_FRAMEWORK_HEADER = YES;
				CLANG_WARN_RANGE_LOOP_ANALYSIS = YES;
				CLANG_WARN_STRICT_PROTOTYPES = YES;
				CLANG_WARN_SUSPICIOUS_MOVE = YES;
				CLANG_WARN_UNGUARDED_AVAILABILITY = YES_AGGRESSIVE;
				CLANG_WARN_UNREACHABLE_CODE = YES;
				CLANG_WARN__DUPLICATE_METHOD_MATCH = YES;
				COPY_PHASE_STRIP = NO;
				DEBUG_INFORMATION_FORMAT = "dwarf-with-dsym";
				ENABLE_NS_ASSERTIONS = NO;
				ENABLE_STRICT_OBJC_MSGSEND = YES;
				ENABLE_USER_SCRIPT_SANDBOXING = YES;
				GCC_C_LANGUAGE_STANDARD = gnu17;
				GCC_NO_COMMON_BLOCKS = YES;
				GCC_WARN_64_TO_32_BIT_CONVERSION = YES;
				GCC_WARN_ABOUT_RETURN_TYPE = YES_ERROR;
				GCC_WARN_UNDECLARED_SELECTOR = YES;
				GCC_WARN_UNINITIALIZED_AUTOS = YES_AGGRESSIVE;
				GCC_WARN_UNUSED_FUNCTION = YES;
				GCC_WARN_UNUSED_VARIABLE = YES;
				IPHONEOS_DEPLOYMENT_TARGET = 17.0;
				LOCALIZATION_PREFERS_STRING_CATALOGS = YES;
				MTL_ENABLE_DEBUG_INFO = NO;
				MTL_FAST_MATH = YES;
				SDKROOT = iphoneos;
				SWIFT_COMPILATION_MODE = wholemodule;
				VALIDATE_PRODUCT = YES;
			};
			name = Release;
		};
		444E80462B1E3D1C004AC6BF /* Debug */ = {
			isa = XCBuildConfiguration;
			buildSettings = {
				ASSETCATALOG_COMPILER_APPICON_NAME = AppIcon;
				ASSETCATALOG_COMPILER_GLOBAL_ACCENT_COLOR_NAME = AccentColor;
				CODE_SIGN_IDENTITY = "Apple Development";
				CODE_SIGN_STYLE = Automatic;
				CURRENT_PROJECT_VERSION = 1;
				DEVELOPMENT_ASSET_PATHS = "\"CIPMIOS/Preview Content\"";
				DEVELOPMENT_TEAM = 29C7X7MWFB;
				ENABLE_PREVIEWS = YES;
				GENERATE_INFOPLIST_FILE = YES;
				INFOPLIST_FILE = CIPMIOS/Info.plist;
				INFOPLIST_KEY_NSMicrophoneUsageDescription = "Necesitamos acceso al micrófono para grabar audio.";
				INFOPLIST_KEY_NSSpeechRecognitionUsageDescription = "Tu aplicacion necesita permisos para poder funcionar";
				INFOPLIST_KEY_UIApplicationSceneManifest_Generation = YES;
				INFOPLIST_KEY_UIApplicationSupportsIndirectInputEvents = YES;
				INFOPLIST_KEY_UILaunchScreen_Generation = YES;
				INFOPLIST_KEY_UISupportedInterfaceOrientations_iPad = "UIInterfaceOrientationPortrait UIInterfaceOrientationPortraitUpsideDown UIInterfaceOrientationLandscapeLeft UIInterfaceOrientationLandscapeRight";
				INFOPLIST_KEY_UISupportedInterfaceOrientations_iPhone = "UIInterfaceOrientationPortrait UIInterfaceOrientationLandscapeLeft UIInterfaceOrientationLandscapeRight";
				IPHONEOS_DEPLOYMENT_TARGET = 16.0;
				LD_RUNPATH_SEARCH_PATHS = (
					"$(inherited)",
					"@executable_path/Frameworks",
				);
				MARKETING_VERSION = 1.0;
				PRODUCT_BUNDLE_IDENTIFIER = CIPM.CIPMIOS;
				PRODUCT_NAME = "$(TARGET_NAME)";
				PROVISIONING_PROFILE_SPECIFIER = "";
				SWIFT_EMIT_LOC_STRINGS = YES;
				SWIFT_VERSION = 5.0;
				TARGETED_DEVICE_FAMILY = "1,2";
			};
			name = Debug;
		};
		444E80472B1E3D1C004AC6BF /* Release */ = {
			isa = XCBuildConfiguration;
			buildSettings = {
				ASSETCATALOG_COMPILER_APPICON_NAME = AppIcon;
				ASSETCATALOG_COMPILER_GLOBAL_ACCENT_COLOR_NAME = AccentColor;
				CODE_SIGN_IDENTITY = "Apple Development";
				CODE_SIGN_STYLE = Automatic;
				CURRENT_PROJECT_VERSION = 1;
				DEVELOPMENT_ASSET_PATHS = "\"CIPMIOS/Preview Content\"";
				DEVELOPMENT_TEAM = 29C7X7MWFB;
				ENABLE_PREVIEWS = YES;
				GENERATE_INFOPLIST_FILE = YES;
				INFOPLIST_FILE = CIPMIOS/Info.plist;
				INFOPLIST_KEY_NSMicrophoneUsageDescription = "Necesitamos acceso al micrófono para grabar audio.";
				INFOPLIST_KEY_NSSpeechRecognitionUsageDescription = "Tu aplicacion necesita permisos para poder funcionar";
				INFOPLIST_KEY_UIApplicationSceneManifest_Generation = YES;
				INFOPLIST_KEY_UIApplicationSupportsIndirectInputEvents = YES;
				INFOPLIST_KEY_UILaunchScreen_Generation = YES;
				INFOPLIST_KEY_UISupportedInterfaceOrientations_iPad = "UIInterfaceOrientationPortrait UIInterfaceOrientationPortraitUpsideDown UIInterfaceOrientationLandscapeLeft UIInterfaceOrientationLandscapeRight";
				INFOPLIST_KEY_UISupportedInterfaceOrientations_iPhone = "UIInterfaceOrientationPortrait UIInterfaceOrientationLandscapeLeft UIInterfaceOrientationLandscapeRight";
				IPHONEOS_DEPLOYMENT_TARGET = 16.0;
				LD_RUNPATH_SEARCH_PATHS = (
					"$(inherited)",
					"@executable_path/Frameworks",
				);
				MARKETING_VERSION = 1.0;
				PRODUCT_BUNDLE_IDENTIFIER = CIPM.CIPMIOS;
				PRODUCT_NAME = "$(TARGET_NAME)";
				PROVISIONING_PROFILE_SPECIFIER = "";
				SWIFT_EMIT_LOC_STRINGS = YES;
				SWIFT_VERSION = 5.0;
				TARGETED_DEVICE_FAMILY = "1,2";
			};
			name = Release;
		};
		444E80492B1E3D1C004AC6BF /* Debug */ = {
			isa = XCBuildConfiguration;
			buildSettings = {
				ALWAYS_EMBED_SWIFT_STANDARD_LIBRARIES = YES;
				BUNDLE_LOADER = "$(TEST_HOST)";
				CODE_SIGN_STYLE = Automatic;
				CURRENT_PROJECT_VERSION = 1;
				GENERATE_INFOPLIST_FILE = YES;
				IPHONEOS_DEPLOYMENT_TARGET = 17.0;
				MARKETING_VERSION = 1.0;
				PRODUCT_BUNDLE_IDENTIFIER = CIPM.CIPMIOSTests;
				PRODUCT_NAME = "$(TARGET_NAME)";
				SWIFT_EMIT_LOC_STRINGS = NO;
				SWIFT_VERSION = 5.0;
				TARGETED_DEVICE_FAMILY = "1,2";
				TEST_HOST = "$(BUILT_PRODUCTS_DIR)/CIPMIOS.app/$(BUNDLE_EXECUTABLE_FOLDER_PATH)/CIPMIOS";
			};
			name = Debug;
		};
		444E804A2B1E3D1C004AC6BF /* Release */ = {
			isa = XCBuildConfiguration;
			buildSettings = {
				ALWAYS_EMBED_SWIFT_STANDARD_LIBRARIES = YES;
				BUNDLE_LOADER = "$(TEST_HOST)";
				CODE_SIGN_STYLE = Automatic;
				CURRENT_PROJECT_VERSION = 1;
				GENERATE_INFOPLIST_FILE = YES;
				IPHONEOS_DEPLOYMENT_TARGET = 17.0;
				MARKETING_VERSION = 1.0;
				PRODUCT_BUNDLE_IDENTIFIER = CIPM.CIPMIOSTests;
				PRODUCT_NAME = "$(TARGET_NAME)";
				SWIFT_EMIT_LOC_STRINGS = NO;
				SWIFT_VERSION = 5.0;
				TARGETED_DEVICE_FAMILY = "1,2";
				TEST_HOST = "$(BUILT_PRODUCTS_DIR)/CIPMIOS.app/$(BUNDLE_EXECUTABLE_FOLDER_PATH)/CIPMIOS";
			};
			name = Release;
		};
		444E804C2B1E3D1C004AC6BF /* Debug */ = {
			isa = XCBuildConfiguration;
			buildSettings = {
				ALWAYS_EMBED_SWIFT_STANDARD_LIBRARIES = YES;
				CODE_SIGN_STYLE = Automatic;
				CURRENT_PROJECT_VERSION = 1;
				GENERATE_INFOPLIST_FILE = YES;
				MARKETING_VERSION = 1.0;
				PRODUCT_BUNDLE_IDENTIFIER = CIPM.CIPMIOSUITests;
				PRODUCT_NAME = "$(TARGET_NAME)";
				SWIFT_EMIT_LOC_STRINGS = NO;
				SWIFT_VERSION = 5.0;
				TARGETED_DEVICE_FAMILY = "1,2";
				TEST_TARGET_NAME = CIPMIOS;
			};
			name = Debug;
		};
		444E804D2B1E3D1C004AC6BF /* Release */ = {
			isa = XCBuildConfiguration;
			buildSettings = {
				ALWAYS_EMBED_SWIFT_STANDARD_LIBRARIES = YES;
				CODE_SIGN_STYLE = Automatic;
				CURRENT_PROJECT_VERSION = 1;
				GENERATE_INFOPLIST_FILE = YES;
				MARKETING_VERSION = 1.0;
				PRODUCT_BUNDLE_IDENTIFIER = CIPM.CIPMIOSUITests;
				PRODUCT_NAME = "$(TARGET_NAME)";
				SWIFT_EMIT_LOC_STRINGS = NO;
				SWIFT_VERSION = 5.0;
				TARGETED_DEVICE_FAMILY = "1,2";
				TEST_TARGET_NAME = CIPMIOS;
			};
			name = Release;
		};
/* End XCBuildConfiguration section */

/* Begin XCConfigurationList section */
		444E801C2B1E3D1B004AC6BF /* Build configuration list for PBXProject "CIPMIOS" */ = {
			isa = XCConfigurationList;
			buildConfigurations = (
				444E80432B1E3D1C004AC6BF /* Debug */,
				444E80442B1E3D1C004AC6BF /* Release */,
			);
			defaultConfigurationIsVisible = 0;
			defaultConfigurationName = Release;
		};
		444E80452B1E3D1C004AC6BF /* Build configuration list for PBXNativeTarget "CIPMIOS" */ = {
			isa = XCConfigurationList;
			buildConfigurations = (
				444E80462B1E3D1C004AC6BF /* Debug */,
				444E80472B1E3D1C004AC6BF /* Release */,
			);
			defaultConfigurationIsVisible = 0;
			defaultConfigurationName = Release;
		};
		444E80482B1E3D1C004AC6BF /* Build configuration list for PBXNativeTarget "CIPMIOSTests" */ = {
			isa = XCConfigurationList;
			buildConfigurations = (
				444E80492B1E3D1C004AC6BF /* Debug */,
				444E804A2B1E3D1C004AC6BF /* Release */,
			);
			defaultConfigurationIsVisible = 0;
			defaultConfigurationName = Release;
		};
		444E804B2B1E3D1C004AC6BF /* Build configuration list for PBXNativeTarget "CIPMIOSUITests" */ = {
			isa = XCConfigurationList;
			buildConfigurations = (
				444E804C2B1E3D1C004AC6BF /* Debug */,
				444E804D2B1E3D1C004AC6BF /* Release */,
			);
			defaultConfigurationIsVisible = 0;
			defaultConfigurationName = Release;
		};
/* End XCConfigurationList section */

/* Begin XCRemoteSwiftPackageReference section */
		44CBBADE2B7123F700C0F321 /* XCRemoteSwiftPackageReference "firebase-ios-sdk" */ = {
			isa = XCRemoteSwiftPackageReference;
			repositoryURL = "https://github.com/firebase/firebase-ios-sdk";
			requirement = {
				kind = upToNextMajorVersion;
				minimumVersion = 10.20.0;
			};
		};
		44F620FA2B727FDB00CAD21C /* XCRemoteSwiftPackageReference "url-image" */ = {
			isa = XCRemoteSwiftPackageReference;
			repositoryURL = "https://github.com/dmytro-anokhin/url-image.git";
			requirement = {
				kind = upToNextMajorVersion;
				minimumVersion = 3.1.1;
			};
		};
		C1CD12512C2B04DF004D9DC4 /* XCRemoteSwiftPackageReference "SwiftSpeech" */ = {
			isa = XCRemoteSwiftPackageReference;
			repositoryURL = "https://github.com/Cay-Zhang/SwiftSpeech";
			requirement = {
				branch = master;
				kind = branch;
			};
		};
/* End XCRemoteSwiftPackageReference section */

/* Begin XCSwiftPackageProductDependency section */
		449E854F2B9F54FE00CD8E1B /* FirebaseFirestoreCombine-Community */ = {
			isa = XCSwiftPackageProductDependency;
			package = 44CBBADE2B7123F700C0F321 /* XCRemoteSwiftPackageReference "firebase-ios-sdk" */;
			productName = "FirebaseFirestoreCombine-Community";
		};
		449E85512B9F54FE00CD8E1B /* FirebaseFirestoreSwift */ = {
			isa = XCSwiftPackageProductDependency;
			package = 44CBBADE2B7123F700C0F321 /* XCRemoteSwiftPackageReference "firebase-ios-sdk" */;
			productName = FirebaseFirestoreSwift;
		};
		44CBBADF2B71271600C0F321 /* FirebaseAuth */ = {
			isa = XCSwiftPackageProductDependency;
			package = 44CBBADE2B7123F700C0F321 /* XCRemoteSwiftPackageReference "firebase-ios-sdk" */;
			productName = FirebaseAuth;
		};
		44CBBAE12B71271600C0F321 /* FirebaseFirestore */ = {
			isa = XCSwiftPackageProductDependency;
			package = 44CBBADE2B7123F700C0F321 /* XCRemoteSwiftPackageReference "firebase-ios-sdk" */;
			productName = FirebaseFirestore;
		};
		44CBBAE32B71271600C0F321 /* FirebaseStorage */ = {
			isa = XCSwiftPackageProductDependency;
			package = 44CBBADE2B7123F700C0F321 /* XCRemoteSwiftPackageReference "firebase-ios-sdk" */;
			productName = FirebaseStorage;
		};
		44F620FB2B727FDB00CAD21C /* URLImage */ = {
			isa = XCSwiftPackageProductDependency;
			package = 44F620FA2B727FDB00CAD21C /* XCRemoteSwiftPackageReference "url-image" */;
			productName = URLImage;
		};
		44F620FD2B727FDB00CAD21C /* URLImageStore */ = {
			isa = XCSwiftPackageProductDependency;
			package = 44F620FA2B727FDB00CAD21C /* XCRemoteSwiftPackageReference "url-image" */;
			productName = URLImageStore;
		};
		C1CD12522C2B04DF004D9DC4 /* SwiftSpeech */ = {
			isa = XCSwiftPackageProductDependency;
			package = C1CD12512C2B04DF004D9DC4 /* XCRemoteSwiftPackageReference "SwiftSpeech" */;
			productName = SwiftSpeech;
		};
/* End XCSwiftPackageProductDependency section */
	};
	rootObject = 444E80192B1E3D1B004AC6BF /* Project object */;
}
