// !$*UTF8*$!
{
	archiveVersion = 1;
	classes = {
	};
	objectVersion = 56;
	objects = {

/* Begin PBXBuildFile section */
		444E80252B1E3D1B004AC6BF /* CIPMIOSApp.swift in Sources */ = {isa = PBXBuildFile; fileRef = 444E80242B1E3D1B004AC6BF /* CIPMIOSApp.swift */; };
		444E80272B1E3D1B004AC6BF /* ContentView.swift in Sources */ = {isa = PBXBuildFile; fileRef = 444E80262B1E3D1B004AC6BF /* ContentView.swift */; };
		444E80292B1E3D1C004AC6BF /* Assets.xcassets in Resources */ = {isa = PBXBuildFile; fileRef = 444E80282B1E3D1C004AC6BF /* Assets.xcassets */; };
		444E802C2B1E3D1C004AC6BF /* Preview Assets.xcassets in Resources */ = {isa = PBXBuildFile; fileRef = 444E802B2B1E3D1C004AC6BF /* Preview Assets.xcassets */; };
		444E80362B1E3D1C004AC6BF /* CIPMIOSTests.swift in Sources */ = {isa = PBXBuildFile; fileRef = 444E80352B1E3D1C004AC6BF /* CIPMIOSTests.swift */; };
		444E80402B1E3D1C004AC6BF /* CIPMIOSUITests.swift in Sources */ = {isa = PBXBuildFile; fileRef = 444E803F2B1E3D1C004AC6BF /* CIPMIOSUITests.swift */; };
		444E80422B1E3D1C004AC6BF /* CIPMIOSUITestsLaunchTests.swift in Sources */ = {isa = PBXBuildFile; fileRef = 444E80412B1E3D1C004AC6BF /* CIPMIOSUITestsLaunchTests.swift */; };
		444E80502B1E3D69004AC6BF /* Main.swift in Sources */ = {isa = PBXBuildFile; fileRef = 444E804F2B1E3D69004AC6BF /* Main.swift */; };
		444E80542B1E3F97004AC6BF /* Routes.swift in Sources */ = {isa = PBXBuildFile; fileRef = 444E80532B1E3F97004AC6BF /* Routes.swift */; };
		444E80562B1E3FBA004AC6BF /* NotchSpacing.swift in Sources */ = {isa = PBXBuildFile; fileRef = 444E80552B1E3FBA004AC6BF /* NotchSpacing.swift */; };
		444E80582B1E428C004AC6BF /* ButtonNormal.swift in Sources */ = {isa = PBXBuildFile; fileRef = 444E80572B1E428C004AC6BF /* ButtonNormal.swift */; };
		444E805A2B1E43EC004AC6BF /* Separador.swift in Sources */ = {isa = PBXBuildFile; fileRef = 444E80592B1E43EC004AC6BF /* Separador.swift */; };
		444E805C2B1E479B004AC6BF /* BottonImg.swift in Sources */ = {isa = PBXBuildFile; fileRef = 444E805B2B1E479B004AC6BF /* BottonImg.swift */; };
		444E805E2B1E5094004AC6BF /* BottonPeque.swift in Sources */ = {isa = PBXBuildFile; fileRef = 444E805D2B1E5094004AC6BF /* BottonPeque.swift */; };
/* End PBXBuildFile section */

/* Begin PBXContainerItemProxy section */
		444E80322B1E3D1C004AC6BF /* PBXContainerItemProxy */ = {
			isa = PBXContainerItemProxy;
			containerPortal = 444E80192B1E3D1B004AC6BF /* Project object */;
			proxyType = 1;
			remoteGlobalIDString = 444E80202B1E3D1B004AC6BF;
			remoteInfo = CIPMIOS;
		};
		444E803C2B1E3D1C004AC6BF /* PBXContainerItemProxy */ = {
			isa = PBXContainerItemProxy;
			containerPortal = 444E80192B1E3D1B004AC6BF /* Project object */;
			proxyType = 1;
			remoteGlobalIDString = 444E80202B1E3D1B004AC6BF;
			remoteInfo = CIPMIOS;
		};
/* End PBXContainerItemProxy section */

/* Begin PBXFileReference section */
		444E80212B1E3D1B004AC6BF /* CIPMIOS.app */ = {isa = PBXFileReference; explicitFileType = wrapper.application; includeInIndex = 0; path = CIPMIOS.app; sourceTree = BUILT_PRODUCTS_DIR; };
		444E80242B1E3D1B004AC6BF /* CIPMIOSApp.swift */ = {isa = PBXFileReference; lastKnownFileType = sourcecode.swift; path = CIPMIOSApp.swift; sourceTree = "<group>"; };
		444E80262B1E3D1B004AC6BF /* ContentView.swift */ = {isa = PBXFileReference; lastKnownFileType = sourcecode.swift; path = ContentView.swift; sourceTree = "<group>"; };
		444E80282B1E3D1C004AC6BF /* Assets.xcassets */ = {isa = PBXFileReference; lastKnownFileType = folder.assetcatalog; path = Assets.xcassets; sourceTree = "<group>"; };
		444E802B2B1E3D1C004AC6BF /* Preview Assets.xcassets */ = {isa = PBXFileReference; lastKnownFileType = folder.assetcatalog; path = "Preview Assets.xcassets"; sourceTree = "<group>"; };
		444E80312B1E3D1C004AC6BF /* CIPMIOSTests.xctest */ = {isa = PBXFileReference; explicitFileType = wrapper.cfbundle; includeInIndex = 0; path = CIPMIOSTests.xctest; sourceTree = BUILT_PRODUCTS_DIR; };
		444E80352B1E3D1C004AC6BF /* CIPMIOSTests.swift */ = {isa = PBXFileReference; lastKnownFileType = sourcecode.swift; path = CIPMIOSTests.swift; sourceTree = "<group>"; };
		444E803B2B1E3D1C004AC6BF /* CIPMIOSUITests.xctest */ = {isa = PBXFileReference; explicitFileType = wrapper.cfbundle; includeInIndex = 0; path = CIPMIOSUITests.xctest; sourceTree = BUILT_PRODUCTS_DIR; };
		444E803F2B1E3D1C004AC6BF /* CIPMIOSUITests.swift */ = {isa = PBXFileReference; lastKnownFileType = sourcecode.swift; path = CIPMIOSUITests.swift; sourceTree = "<group>"; };
		444E80412B1E3D1C004AC6BF /* CIPMIOSUITestsLaunchTests.swift */ = {isa = PBXFileReference; lastKnownFileType = sourcecode.swift; path = CIPMIOSUITestsLaunchTests.swift; sourceTree = "<group>"; };
		444E804F2B1E3D69004AC6BF /* Main.swift */ = {isa = PBXFileReference; lastKnownFileType = sourcecode.swift; path = Main.swift; sourceTree = "<group>"; };
		444E80532B1E3F97004AC6BF /* Routes.swift */ = {isa = PBXFileReference; lastKnownFileType = sourcecode.swift; path = Routes.swift; sourceTree = "<group>"; };
		444E80552B1E3FBA004AC6BF /* NotchSpacing.swift */ = {isa = PBXFileReference; lastKnownFileType = sourcecode.swift; path = NotchSpacing.swift; sourceTree = "<group>"; };
		444E80572B1E428C004AC6BF /* ButtonNormal.swift */ = {isa = PBXFileReference; lastKnownFileType = sourcecode.swift; path = ButtonNormal.swift; sourceTree = "<group>"; };
		444E80592B1E43EC004AC6BF /* Separador.swift */ = {isa = PBXFileReference; lastKnownFileType = sourcecode.swift; path = Separador.swift; sourceTree = "<group>"; };
		444E805B2B1E479B004AC6BF /* BottonImg.swift */ = {isa = PBXFileReference; lastKnownFileType = sourcecode.swift; path = BottonImg.swift; sourceTree = "<group>"; };
		444E805D2B1E5094004AC6BF /* BottonPeque.swift */ = {isa = PBXFileReference; lastKnownFileType = sourcecode.swift; path = BottonPeque.swift; sourceTree = "<group>"; };
/* End PBXFileReference section */

/* Begin PBXFrameworksBuildPhase section */
		444E801E2B1E3D1B004AC6BF /* Frameworks */ = {
			isa = PBXFrameworksBuildPhase;
			buildActionMask = 2147483647;
			files = (
			);
			runOnlyForDeploymentPostprocessing = 0;
		};
		444E802E2B1E3D1C004AC6BF /* Frameworks */ = {
			isa = PBXFrameworksBuildPhase;
			buildActionMask = 2147483647;
			files = (
			);
			runOnlyForDeploymentPostprocessing = 0;
		};
		444E80382B1E3D1C004AC6BF /* Frameworks */ = {
			isa = PBXFrameworksBuildPhase;
			buildActionMask = 2147483647;
			files = (
			);
			runOnlyForDeploymentPostprocessing = 0;
		};
/* End PBXFrameworksBuildPhase section */

/* Begin PBXGroup section */
		444E80182B1E3D1B004AC6BF = {
			isa = PBXGroup;
			children = (
				444E80232B1E3D1B004AC6BF /* CIPMIOS */,
				444E80342B1E3D1C004AC6BF /* CIPMIOSTests */,
				444E803E2B1E3D1C004AC6BF /* CIPMIOSUITests */,
				444E80222B1E3D1B004AC6BF /* Products */,
			);
			sourceTree = "<group>";
		};
		444E80222B1E3D1B004AC6BF /* Products */ = {
			isa = PBXGroup;
			children = (
				444E80212B1E3D1B004AC6BF /* CIPMIOS.app */,
				444E80312B1E3D1C004AC6BF /* CIPMIOSTests.xctest */,
				444E803B2B1E3D1C004AC6BF /* CIPMIOSUITests.xctest */,
			);
			name = Products;
			sourceTree = "<group>";
		};
		444E80232B1E3D1B004AC6BF /* CIPMIOS */ = {
			isa = PBXGroup;
			children = (
				444E80522B1E3F7F004AC6BF /* Routes */,
				444E80512B1E3F72004AC6BF /* Components */,
				444E804E2B1E3D58004AC6BF /* Views */,
				444E80242B1E3D1B004AC6BF /* CIPMIOSApp.swift */,
				444E80262B1E3D1B004AC6BF /* ContentView.swift */,
				444E80282B1E3D1C004AC6BF /* Assets.xcassets */,
				444E802A2B1E3D1C004AC6BF /* Preview Content */,
			);
			path = CIPMIOS;
			sourceTree = "<group>";
		};
		444E802A2B1E3D1C004AC6BF /* Preview Content */ = {
			isa = PBXGroup;
			children = (
				444E802B2B1E3D1C004AC6BF /* Preview Assets.xcassets */,
			);
			path = "Preview Content";
			sourceTree = "<group>";
		};
		444E80342B1E3D1C004AC6BF /* CIPMIOSTests */ = {
			isa = PBXGroup;
			children = (
				444E80352B1E3D1C004AC6BF /* CIPMIOSTests.swift */,
			);
			path = CIPMIOSTests;
			sourceTree = "<group>";
		};
		444E803E2B1E3D1C004AC6BF /* CIPMIOSUITests */ = {
			isa = PBXGroup;
			children = (
				444E803F2B1E3D1C004AC6BF /* CIPMIOSUITests.swift */,
				444E80412B1E3D1C004AC6BF /* CIPMIOSUITestsLaunchTests.swift */,
			);
			path = CIPMIOSUITests;
			sourceTree = "<group>";
		};
		444E804E2B1E3D58004AC6BF /* Views */ = {
			isa = PBXGroup;
			children = (
				444E804F2B1E3D69004AC6BF /* Main.swift */,
			);
			path = Views;
			sourceTree = "<group>";
		};
		444E80512B1E3F72004AC6BF /* Components */ = {
			isa = PBXGroup;
			children = (
				444E80552B1E3FBA004AC6BF /* NotchSpacing.swift */,
				444E80572B1E428C004AC6BF /* ButtonNormal.swift */,
				444E80592B1E43EC004AC6BF /* Separador.swift */,
				444E805B2B1E479B004AC6BF /* BottonImg.swift */,
				444E805D2B1E5094004AC6BF /* BottonPeque.swift */,
			);
			path = Components;
			sourceTree = "<group>";
		};
		444E80522B1E3F7F004AC6BF /* Routes */ = {
			isa = PBXGroup;
			children = (
				444E80532B1E3F97004AC6BF /* Routes.swift */,
			);
			path = Routes;
			sourceTree = "<group>";
		};
/* End PBXGroup section */

/* Begin PBXNativeTarget section */
		444E80202B1E3D1B004AC6BF /* CIPMIOS */ = {
			isa = PBXNativeTarget;
			buildConfigurationList = 444E80452B1E3D1C004AC6BF /* Build configuration list for PBXNativeTarget "CIPMIOS" */;
			buildPhases = (
				444E801D2B1E3D1B004AC6BF /* Sources */,
				444E801E2B1E3D1B004AC6BF /* Frameworks */,
				444E801F2B1E3D1B004AC6BF /* Resources */,
			);
			buildRules = (
			);
			dependencies = (
			);
			name = CIPMIOS;
			productName = CIPMIOS;
			productReference = 444E80212B1E3D1B004AC6BF /* CIPMIOS.app */;
			productType = "com.apple.product-type.application";
		};
		444E80302B1E3D1C004AC6BF /* CIPMIOSTests */ = {
			isa = PBXNativeTarget;
			buildConfigurationList = 444E80482B1E3D1C004AC6BF /* Build configuration list for PBXNativeTarget "CIPMIOSTests" */;
			buildPhases = (
				444E802D2B1E3D1C004AC6BF /* Sources */,
				444E802E2B1E3D1C004AC6BF /* Frameworks */,
				444E802F2B1E3D1C004AC6BF /* Resources */,
			);
			buildRules = (
			);
			dependencies = (
				444E80332B1E3D1C004AC6BF /* PBXTargetDependency */,
			);
			name = CIPMIOSTests;
			productName = CIPMIOSTests;
			productReference = 444E80312B1E3D1C004AC6BF /* CIPMIOSTests.xctest */;
			productType = "com.apple.product-type.bundle.unit-test";
		};
		444E803A2B1E3D1C004AC6BF /* CIPMIOSUITests */ = {
			isa = PBXNativeTarget;
			buildConfigurationList = 444E804B2B1E3D1C004AC6BF /* Build configuration list for PBXNativeTarget "CIPMIOSUITests" */;
			buildPhases = (
				444E80372B1E3D1C004AC6BF /* Sources */,
				444E80382B1E3D1C004AC6BF /* Frameworks */,
				444E80392B1E3D1C004AC6BF /* Resources */,
			);
			buildRules = (
			);
			dependencies = (
				444E803D2B1E3D1C004AC6BF /* PBXTargetDependency */,
			);
			name = CIPMIOSUITests;
			productName = CIPMIOSUITests;
			productReference = 444E803B2B1E3D1C004AC6BF /* CIPMIOSUITests.xctest */;
			productType = "com.apple.product-type.bundle.ui-testing";
		};
/* End PBXNativeTarget section */

/* Begin PBXProject section */
		444E80192B1E3D1B004AC6BF /* Project object */ = {
			isa = PBXProject;
			attributes = {
				BuildIndependentTargetsInParallel = 1;
				LastSwiftUpdateCheck = 1500;
				LastUpgradeCheck = 1500;
				TargetAttributes = {
					444E80202B1E3D1B004AC6BF = {
						CreatedOnToolsVersion = 15.0.1;
					};
					444E80302B1E3D1C004AC6BF = {
						CreatedOnToolsVersion = 15.0.1;
						TestTargetID = 444E80202B1E3D1B004AC6BF;
					};
					444E803A2B1E3D1C004AC6BF = {
						CreatedOnToolsVersion = 15.0.1;
						TestTargetID = 444E80202B1E3D1B004AC6BF;
					};
				};
			};
			buildConfigurationList = 444E801C2B1E3D1B004AC6BF /* Build configuration list for PBXProject "CIPMIOS" */;
			compatibilityVersion = "Xcode 14.0";
			developmentRegion = en;
			hasScannedForEncodings = 0;
			knownRegions = (
				en,
				Base,
			);
			mainGroup = 444E80182B1E3D1B004AC6BF;
			productRefGroup = 444E80222B1E3D1B004AC6BF /* Products */;
			projectDirPath = "";
			projectRoot = "";
			targets = (
				444E80202B1E3D1B004AC6BF /* CIPMIOS */,
				444E80302B1E3D1C004AC6BF /* CIPMIOSTests */,
				444E803A2B1E3D1C004AC6BF /* CIPMIOSUITests */,
			);
		};
/* End PBXProject section */

/* Begin PBXResourcesBuildPhase section */
		444E801F2B1E3D1B004AC6BF /* Resources */ = {
			isa = PBXResourcesBuildPhase;
			buildActionMask = 2147483647;
			files = (
				444E802C2B1E3D1C004AC6BF /* Preview Assets.xcassets in Resources */,
				444E80292B1E3D1C004AC6BF /* Assets.xcassets in Resources */,
			);
			runOnlyForDeploymentPostprocessing = 0;
		};
		444E802F2B1E3D1C004AC6BF /* Resources */ = {
			isa = PBXResourcesBuildPhase;
			buildActionMask = 2147483647;
			files = (
			);
			runOnlyForDeploymentPostprocessing = 0;
		};
		444E80392B1E3D1C004AC6BF /* Resources */ = {
			isa = PBXResourcesBuildPhase;
			buildActionMask = 2147483647;
			files = (
			);
			runOnlyForDeploymentPostprocessing = 0;
		};
/* End PBXResourcesBuildPhase section */

/* Begin PBXSourcesBuildPhase section */
		444E801D2B1E3D1B004AC6BF /* Sources */ = {
			isa = PBXSourcesBuildPhase;
			buildActionMask = 2147483647;
			files = (
				444E80502B1E3D69004AC6BF /* Main.swift in Sources */,
				444E805A2B1E43EC004AC6BF /* Separador.swift in Sources */,
				444E80542B1E3F97004AC6BF /* Routes.swift in Sources */,
				444E80562B1E3FBA004AC6BF /* NotchSpacing.swift in Sources */,
				444E80272B1E3D1B004AC6BF /* ContentView.swift in Sources */,
				444E805E2B1E5094004AC6BF /* BottonPeque.swift in Sources */,
				444E805C2B1E479B004AC6BF /* BottonImg.swift in Sources */,
				444E80582B1E428C004AC6BF /* ButtonNormal.swift in Sources */,
				444E80252B1E3D1B004AC6BF /* CIPMIOSApp.swift in Sources */,
			);
			runOnlyForDeploymentPostprocessing = 0;
		};
		444E802D2B1E3D1C004AC6BF /* Sources */ = {
			isa = PBXSourcesBuildPhase;
			buildActionMask = 2147483647;
			files = (
				444E80362B1E3D1C004AC6BF /* CIPMIOSTests.swift in Sources */,
			);
			runOnlyForDeploymentPostprocessing = 0;
		};
		444E80372B1E3D1C004AC6BF /* Sources */ = {
			isa = PBXSourcesBuildPhase;
			buildActionMask = 2147483647;
			files = (
				444E80402B1E3D1C004AC6BF /* CIPMIOSUITests.swift in Sources */,
				444E80422B1E3D1C004AC6BF /* CIPMIOSUITestsLaunchTests.swift in Sources */,
			);
			runOnlyForDeploymentPostprocessing = 0;
		};
/* End PBXSourcesBuildPhase section */

/* Begin PBXTargetDependency section */
		444E80332B1E3D1C004AC6BF /* PBXTargetDependency */ = {
			isa = PBXTargetDependency;
			target = 444E80202B1E3D1B004AC6BF /* CIPMIOS */;
			targetProxy = 444E80322B1E3D1C004AC6BF /* PBXContainerItemProxy */;
		};
		444E803D2B1E3D1C004AC6BF /* PBXTargetDependency */ = {
			isa = PBXTargetDependency;
			target = 444E80202B1E3D1B004AC6BF /* CIPMIOS */;
			targetProxy = 444E803C2B1E3D1C004AC6BF /* PBXContainerItemProxy */;
		};
/* End PBXTargetDependency section */

/* Begin XCBuildConfiguration section */
		444E80432B1E3D1C004AC6BF /* Debug */ = {
			isa = XCBuildConfiguration;
			buildSettings = {
				ALWAYS_SEARCH_USER_PATHS = NO;
				ASSETCATALOG_COMPILER_GENERATE_SWIFT_ASSET_SYMBOL_EXTENSIONS = YES;
				CLANG_ANALYZER_NONNULL = YES;
				CLANG_ANALYZER_NUMBER_OBJECT_CONVERSION = YES_AGGRESSIVE;
				CLANG_CXX_LANGUAGE_STANDARD = "gnu++20";
				CLANG_ENABLE_MODULES = YES;
				CLANG_ENABLE_OBJC_ARC = YES;
				CLANG_ENABLE_OBJC_WEAK = YES;
				CLANG_WARN_BLOCK_CAPTURE_AUTORELEASING = YES;
				CLANG_WARN_BOOL_CONVERSION = YES;
				CLANG_WARN_COMMA = YES;
				CLANG_WARN_CONSTANT_CONVERSION = YES;
				CLANG_WARN_DEPRECATED_OBJC_IMPLEMENTATIONS = YES;
				CLANG_WARN_DIRECT_OBJC_ISA_USAGE = YES_ERROR;
				CLANG_WARN_DOCUMENTATION_COMMENTS = YES;
				CLANG_WARN_EMPTY_BODY = YES;
				CLANG_WARN_ENUM_CONVERSION = YES;
				CLANG_WARN_INFINITE_RECURSION = YES;
				CLANG_WARN_INT_CONVERSION = YES;
				CLANG_WARN_NON_LITERAL_NULL_CONVERSION = YES;
				CLANG_WARN_OBJC_IMPLICIT_RETAIN_SELF = YES;
				CLANG_WARN_OBJC_LITERAL_CONVERSION = YES;
				CLANG_WARN_OBJC_ROOT_CLASS = YES_ERROR;
				CLANG_WARN_QUOTED_INCLUDE_IN_FRAMEWORK_HEADER = YES;
				CLANG_WARN_RANGE_LOOP_ANALYSIS = YES;
				CLANG_WARN_STRICT_PROTOTYPES = YES;
				CLANG_WARN_SUSPICIOUS_MOVE = YES;
				CLANG_WARN_UNGUARDED_AVAILABILITY = YES_AGGRESSIVE;
				CLANG_WARN_UNREACHABLE_CODE = YES;
				CLANG_WARN__DUPLICATE_METHOD_MATCH = YES;
				COPY_PHASE_STRIP = NO;
				DEBUG_INFORMATION_FORMAT = dwarf;
				ENABLE_STRICT_OBJC_MSGSEND = YES;
				ENABLE_TESTABILITY = YES;
				ENABLE_USER_SCRIPT_SANDBOXING = YES;
				GCC_C_LANGUAGE_STANDARD = gnu17;
				GCC_DYNAMIC_NO_PIC = NO;
				GCC_NO_COMMON_BLOCKS = YES;
				GCC_OPTIMIZATION_LEVEL = 0;
				GCC_PREPROCESSOR_DEFINITIONS = (
					"DEBUG=1",
					"$(inherited)",
				);
				GCC_WARN_64_TO_32_BIT_CONVERSION = YES;
				GCC_WARN_ABOUT_RETURN_TYPE = YES_ERROR;
				GCC_WARN_UNDECLARED_SELECTOR = YES;
				GCC_WARN_UNINITIALIZED_AUTOS = YES_AGGRESSIVE;
				GCC_WARN_UNUSED_FUNCTION = YES;
				GCC_WARN_UNUSED_VARIABLE = YES;
				IPHONEOS_DEPLOYMENT_TARGET = 17.0;
				LOCALIZATION_PREFERS_STRING_CATALOGS = YES;
				MTL_ENABLE_DEBUG_INFO = INCLUDE_SOURCE;
				MTL_FAST_MATH = YES;
				ONLY_ACTIVE_ARCH = YES;
				SDKROOT = iphoneos;
				SWIFT_ACTIVE_COMPILATION_CONDITIONS = "DEBUG $(inherited)";
				SWIFT_OPTIMIZATION_LEVEL = "-Onone";
			};
			name = Debug;
		};
		444E80442B1E3D1C004AC6BF /* Release */ = {
			isa = XCBuildConfiguration;
			buildSettings = {
				ALWAYS_SEARCH_USER_PATHS = NO;
				ASSETCATALOG_COMPILER_GENERATE_SWIFT_ASSET_SYMBOL_EXTENSIONS = YES;
				CLANG_ANALYZER_NONNULL = YES;
				CLANG_ANALYZER_NUMBER_OBJECT_CONVERSION = YES_AGGRESSIVE;
				CLANG_CXX_LANGUAGE_STANDARD = "gnu++20";
				CLANG_ENABLE_MODULES = YES;
				CLANG_ENABLE_OBJC_ARC = YES;
				CLANG_ENABLE_OBJC_WEAK = YES;
				CLANG_WARN_BLOCK_CAPTURE_AUTORELEASING = YES;
				CLANG_WARN_BOOL_CONVERSION = YES;
				CLANG_WARN_COMMA = YES;
				CLANG_WARN_CONSTANT_CONVERSION = YES;
				CLANG_WARN_DEPRECATED_OBJC_IMPLEMENTATIONS = YES;
				CLANG_WARN_DIRECT_OBJC_ISA_USAGE = YES_ERROR;
				CLANG_WARN_DOCUMENTATION_COMMENTS = YES;
				CLANG_WARN_EMPTY_BODY = YES;
				CLANG_WARN_ENUM_CONVERSION = YES;
				CLANG_WARN_INFINITE_RECURSION = YES;
				CLANG_WARN_INT_CONVERSION = YES;
				CLANG_WARN_NON_LITERAL_NULL_CONVERSION = YES;
				CLANG_WARN_OBJC_IMPLICIT_RETAIN_SELF = YES;
				CLANG_WARN_OBJC_LITERAL_CONVERSION = YES;
				CLANG_WARN_OBJC_ROOT_CLASS = YES_ERROR;
				CLANG_WARN_QUOTED_INCLUDE_IN_FRAMEWORK_HEADER = YES;
				CLANG_WARN_RANGE_LOOP_ANALYSIS = YES;
				CLANG_WARN_STRICT_PROTOTYPES = YES;
				CLANG_WARN_SUSPICIOUS_MOVE = YES;
				CLANG_WARN_UNGUARDED_AVAILABILITY = YES_AGGRESSIVE;
				CLANG_WARN_UNREACHABLE_CODE = YES;
				CLANG_WARN__DUPLICATE_METHOD_MATCH = YES;
				COPY_PHASE_STRIP = NO;
				DEBUG_INFORMATION_FORMAT = "dwarf-with-dsym";
				ENABLE_NS_ASSERTIONS = NO;
				ENABLE_STRICT_OBJC_MSGSEND = YES;
				ENABLE_USER_SCRIPT_SANDBOXING = YES;
				GCC_C_LANGUAGE_STANDARD = gnu17;
				GCC_NO_COMMON_BLOCKS = YES;
				GCC_WARN_64_TO_32_BIT_CONVERSION = YES;
				GCC_WARN_ABOUT_RETURN_TYPE = YES_ERROR;
				GCC_WARN_UNDECLARED_SELECTOR = YES;
				GCC_WARN_UNINITIALIZED_AUTOS = YES_AGGRESSIVE;
				GCC_WARN_UNUSED_FUNCTION = YES;
				GCC_WARN_UNUSED_VARIABLE = YES;
				IPHONEOS_DEPLOYMENT_TARGET = 17.0;
				LOCALIZATION_PREFERS_STRING_CATALOGS = YES;
				MTL_ENABLE_DEBUG_INFO = NO;
				MTL_FAST_MATH = YES;
				SDKROOT = iphoneos;
				SWIFT_COMPILATION_MODE = wholemodule;
				VALIDATE_PRODUCT = YES;
			};
			name = Release;
		};
		444E80462B1E3D1C004AC6BF /* Debug */ = {
			isa = XCBuildConfiguration;
			buildSettings = {
				ASSETCATALOG_COMPILER_APPICON_NAME = AppIcon;
				ASSETCATALOG_COMPILER_GLOBAL_ACCENT_COLOR_NAME = AccentColor;
				CODE_SIGN_STYLE = Automatic;
				CURRENT_PROJECT_VERSION = 1;
				DEVELOPMENT_ASSET_PATHS = "\"CIPMIOS/Preview Content\"";
				ENABLE_PREVIEWS = YES;
				GENERATE_INFOPLIST_FILE = YES;
				INFOPLIST_KEY_UIApplicationSceneManifest_Generation = YES;
				INFOPLIST_KEY_UIApplicationSupportsIndirectInputEvents = YES;
				INFOPLIST_KEY_UILaunchScreen_Generation = YES;
				INFOPLIST_KEY_UISupportedInterfaceOrientations_iPad = "UIInterfaceOrientationPortrait UIInterfaceOrientationPortraitUpsideDown UIInterfaceOrientationLandscapeLeft UIInterfaceOrientationLandscapeRight";
				INFOPLIST_KEY_UISupportedInterfaceOrientations_iPhone = "UIInterfaceOrientationPortrait UIInterfaceOrientationLandscapeLeft UIInterfaceOrientationLandscapeRight";
				LD_RUNPATH_SEARCH_PATHS = (
					"$(inherited)",
					"@executable_path/Frameworks",
				);
				MARKETING_VERSION = 1.0;
				PRODUCT_BUNDLE_IDENTIFIER = CIPM.CIPMIOS;
				PRODUCT_NAME = "$(TARGET_NAME)";
				SWIFT_EMIT_LOC_STRINGS = YES;
				SWIFT_VERSION = 5.0;
				TARGETED_DEVICE_FAMILY = "1,2";
			};
			name = Debug;
		};
		444E80472B1E3D1C004AC6BF /* Release */ = {
			isa = XCBuildConfiguration;
			buildSettings = {
				ASSETCATALOG_COMPILER_APPICON_NAME = AppIcon;
				ASSETCATALOG_COMPILER_GLOBAL_ACCENT_COLOR_NAME = AccentColor;
				CODE_SIGN_STYLE = Automatic;
				CURRENT_PROJECT_VERSION = 1;
				DEVELOPMENT_ASSET_PATHS = "\"CIPMIOS/Preview Content\"";
				ENABLE_PREVIEWS = YES;
				GENERATE_INFOPLIST_FILE = YES;
				INFOPLIST_KEY_UIApplicationSceneManifest_Generation = YES;
				INFOPLIST_KEY_UIApplicationSupportsIndirectInputEvents = YES;
				INFOPLIST_KEY_UILaunchScreen_Generation = YES;
				INFOPLIST_KEY_UISupportedInterfaceOrientations_iPad = "UIInterfaceOrientationPortrait UIInterfaceOrientationPortraitUpsideDown UIInterfaceOrientationLandscapeLeft UIInterfaceOrientationLandscapeRight";
				INFOPLIST_KEY_UISupportedInterfaceOrientations_iPhone = "UIInterfaceOrientationPortrait UIInterfaceOrientationLandscapeLeft UIInterfaceOrientationLandscapeRight";
				LD_RUNPATH_SEARCH_PATHS = (
					"$(inherited)",
					"@executable_path/Frameworks",
				);
				MARKETING_VERSION = 1.0;
				PRODUCT_BUNDLE_IDENTIFIER = CIPM.CIPMIOS;
				PRODUCT_NAME = "$(TARGET_NAME)";
				SWIFT_EMIT_LOC_STRINGS = YES;
				SWIFT_VERSION = 5.0;
				TARGETED_DEVICE_FAMILY = "1,2";
			};
			name = Release;
		};
		444E80492B1E3D1C004AC6BF /* Debug */ = {
			isa = XCBuildConfiguration;
			buildSettings = {
				ALWAYS_EMBED_SWIFT_STANDARD_LIBRARIES = YES;
				BUNDLE_LOADER = "$(TEST_HOST)";
				CODE_SIGN_STYLE = Automatic;
				CURRENT_PROJECT_VERSION = 1;
				GENERATE_INFOPLIST_FILE = YES;
				IPHONEOS_DEPLOYMENT_TARGET = 17.0;
				MARKETING_VERSION = 1.0;
				PRODUCT_BUNDLE_IDENTIFIER = CIPM.CIPMIOSTests;
				PRODUCT_NAME = "$(TARGET_NAME)";
				SWIFT_EMIT_LOC_STRINGS = NO;
				SWIFT_VERSION = 5.0;
				TARGETED_DEVICE_FAMILY = "1,2";
				TEST_HOST = "$(BUILT_PRODUCTS_DIR)/CIPMIOS.app/$(BUNDLE_EXECUTABLE_FOLDER_PATH)/CIPMIOS";
			};
			name = Debug;
		};
		444E804A2B1E3D1C004AC6BF /* Release */ = {
			isa = XCBuildConfiguration;
			buildSettings = {
				ALWAYS_EMBED_SWIFT_STANDARD_LIBRARIES = YES;
				BUNDLE_LOADER = "$(TEST_HOST)";
				CODE_SIGN_STYLE = Automatic;
				CURRENT_PROJECT_VERSION = 1;
				GENERATE_INFOPLIST_FILE = YES;
				IPHONEOS_DEPLOYMENT_TARGET = 17.0;
				MARKETING_VERSION = 1.0;
				PRODUCT_BUNDLE_IDENTIFIER = CIPM.CIPMIOSTests;
				PRODUCT_NAME = "$(TARGET_NAME)";
				SWIFT_EMIT_LOC_STRINGS = NO;
				SWIFT_VERSION = 5.0;
				TARGETED_DEVICE_FAMILY = "1,2";
				TEST_HOST = "$(BUILT_PRODUCTS_DIR)/CIPMIOS.app/$(BUNDLE_EXECUTABLE_FOLDER_PATH)/CIPMIOS";
			};
			name = Release;
		};
		444E804C2B1E3D1C004AC6BF /* Debug */ = {
			isa = XCBuildConfiguration;
			buildSettings = {
				ALWAYS_EMBED_SWIFT_STANDARD_LIBRARIES = YES;
				CODE_SIGN_STYLE = Automatic;
				CURRENT_PROJECT_VERSION = 1;
				GENERATE_INFOPLIST_FILE = YES;
				MARKETING_VERSION = 1.0;
				PRODUCT_BUNDLE_IDENTIFIER = CIPM.CIPMIOSUITests;
				PRODUCT_NAME = "$(TARGET_NAME)";
				SWIFT_EMIT_LOC_STRINGS = NO;
				SWIFT_VERSION = 5.0;
				TARGETED_DEVICE_FAMILY = "1,2";
				TEST_TARGET_NAME = CIPMIOS;
			};
			name = Debug;
		};
		444E804D2B1E3D1C004AC6BF /* Release */ = {
			isa = XCBuildConfiguration;
			buildSettings = {
				ALWAYS_EMBED_SWIFT_STANDARD_LIBRARIES = YES;
				CODE_SIGN_STYLE = Automatic;
				CURRENT_PROJECT_VERSION = 1;
				GENERATE_INFOPLIST_FILE = YES;
				MARKETING_VERSION = 1.0;
				PRODUCT_BUNDLE_IDENTIFIER = CIPM.CIPMIOSUITests;
				PRODUCT_NAME = "$(TARGET_NAME)";
				SWIFT_EMIT_LOC_STRINGS = NO;
				SWIFT_VERSION = 5.0;
				TARGETED_DEVICE_FAMILY = "1,2";
				TEST_TARGET_NAME = CIPMIOS;
			};
			name = Release;
		};
/* End XCBuildConfiguration section */

/* Begin XCConfigurationList section */
		444E801C2B1E3D1B004AC6BF /* Build configuration list for PBXProject "CIPMIOS" */ = {
			isa = XCConfigurationList;
			buildConfigurations = (
				444E80432B1E3D1C004AC6BF /* Debug */,
				444E80442B1E3D1C004AC6BF /* Release */,
			);
			defaultConfigurationIsVisible = 0;
			defaultConfigurationName = Release;
		};
		444E80452B1E3D1C004AC6BF /* Build configuration list for PBXNativeTarget "CIPMIOS" */ = {
			isa = XCConfigurationList;
			buildConfigurations = (
				444E80462B1E3D1C004AC6BF /* Debug */,
				444E80472B1E3D1C004AC6BF /* Release */,
			);
			defaultConfigurationIsVisible = 0;
			defaultConfigurationName = Release;
		};
		444E80482B1E3D1C004AC6BF /* Build configuration list for PBXNativeTarget "CIPMIOSTests" */ = {
			isa = XCConfigurationList;
			buildConfigurations = (
				444E80492B1E3D1C004AC6BF /* Debug */,
				444E804A2B1E3D1C004AC6BF /* Release */,
			);
			defaultConfigurationIsVisible = 0;
			defaultConfigurationName = Release;
		};
		444E804B2B1E3D1C004AC6BF /* Build configuration list for PBXNativeTarget "CIPMIOSUITests" */ = {
			isa = XCConfigurationList;
			buildConfigurations = (
				444E804C2B1E3D1C004AC6BF /* Debug */,
				444E804D2B1E3D1C004AC6BF /* Release */,
			);
			defaultConfigurationIsVisible = 0;
			defaultConfigurationName = Release;
		};
/* End XCConfigurationList section */
	};
	rootObject = 444E80192B1E3D1B004AC6BF /* Project object */;
}
